
Microsoft Visual Studio Solution File, Format Version 12.00
# Visual Studio Version 16
VisualStudioVersion = 16.0.29709.97
MinimumVisualStudioVersion = 10.0.40219.1
Project("{FAE04EC0-301F-11D3-BF4B-00C04F79EFBC}") = "ПР1 задача 01", "ПР1 задача 01\ПР1 задача 01.csproj", "{73F7D887-59A2-4352-BCFD-3D68313214C2}"
EndProject
Project("{FAE04EC0-301F-11D3-BF4B-00C04F79EFBC}") = "ПР1 задача 02", "ПР1 задача 02\ПР1 задача 02.csproj", "{68B4DB97-AB96-4498-A23D-046C7357470A}"
EndProject
Project("{FAE04EC0-301F-11D3-BF4B-00C04F79EFBC}") = "Пр1 задача 04", "Пр1 задача 04\Пр1 задача 04.csproj", "{C5D0DEDB-EAA6-4847-9E9D-A4C4746CFBF4}"
EndProject
Project("{FAE04EC0-301F-11D3-BF4B-00C04F79EFBC}") = "Пр1 задача 05", "Пр1 задача 05\Пр1 задача 05.csproj", "{4035E404-B8DD-41DC-B910-6C890159A059}"
EndProject
Project("{FAE04EC0-301F-11D3-BF4B-00C04F79EFBC}") = "Пр 1 задача 6", "Пр 1 задача 6\Пр 1 задача 6.csproj", "{39EB058A-6B10-464E-979A-F65C2CA99914}"
EndProject
Project("{FAE04EC0-301F-11D3-BF4B-00C04F79EFBC}") = "Пр1 задача 08", "Пр1 задача 08\Пр1 задача 08.csproj", "{CD0F43BA-614B-4D49-A289-F4A0064ACECA}"
EndProject
Project("{FAE04EC0-301F-11D3-BF4B-00C04F79EFBC}") = "Пр 1 задача 09", "Пр 1 задача 09\Пр 1 задача 09.csproj", "{B1BD779B-B3BF-429F-874F-34819D52245F}"
EndProject
Project("{FAE04EC0-301F-11D3-BF4B-00C04F79EFBC}") = "Пр1 задача 10", "Пр1 задача 10\Пр1 задача 10.csproj", "{0D346D91-C746-4A14-8024-3C266317FC32}"
EndProject
Project("{FAE04EC0-301F-11D3-BF4B-00C04F79EFBC}") = "ПР1 задача 15", "ПР1 задача 15\ПР1 задача 15.csproj", "{73E8210A-3BD2-4942-898C-1890CD0A56C4}"
EndProject
Project("{FAE04EC0-301F-11D3-BF4B-00C04F79EFBC}") = "Пр1 задача 16", "Пр1 задача 16\Пр1 задача 16.csproj", "{C584DA0E-4BA8-42D9-891E-5AB54343C1EC}"
EndProject
Project("{FAE04EC0-301F-11D3-BF4B-00C04F79EFBC}") = "ПР1 задача 19", "ПР1 задача 19\ПР1 задача 19.csproj", "{7396B5FC-EC22-40C0-ADE3-651B00EE5FFC}"
EndProject
Project("{FAE04EC0-301F-11D3-BF4B-00C04F79EFBC}") = "ПР2 задача 01", "ПР2 задача 01\ПР2 задача 01.csproj", "{BC5ECAF3-312E-47BA-A0D0-1B737B93745B}"
EndProject
Project("{FAE04EC0-301F-11D3-BF4B-00C04F79EFBC}") = "Пр1 задача 003", "Пр1 задача 003\Пр1 задача 003.csproj", "{B2CB3952-3DB1-446E-8BF7-A797ECF35F3D}"
EndProject
Project("{FAE04EC0-301F-11D3-BF4B-00C04F79EFBC}") = "Пр1 задача 07", "Пр1 задача 07\Пр1 задача 07.csproj", "{45AA69E9-E8FA-4ED4-9A40-CD371E1016C9}"
EndProject
Project("{FAE04EC0-301F-11D3-BF4B-00C04F79EFBC}") = "Пр1 задача 11", "Пр1 задача 11\Пр1 задача 11.csproj", "{0A8AC703-7B0A-4622-B4F2-07715D9ABD7D}"
EndProject
Project("{FAE04EC0-301F-11D3-BF4B-00C04F79EFBC}") = "ПР1 задача 12", "ПР1 задача 12\ПР1 задача 12.csproj", "{07486FCE-AF14-4D9E-8746-49C6E2583C6A}"
EndProject
Project("{FAE04EC0-301F-11D3-BF4B-00C04F79EFBC}") = "Пр1 задача 13", "Пр1 задача 13\Пр1 задача 13.csproj", "{56224454-0938-4D8A-9CFA-906CD2746543}"
EndProject
Project("{FAE04EC0-301F-11D3-BF4B-00C04F79EFBC}") = "ПР1 задача 17", "ПР1 задача 17\ПР1 задача 17.csproj", "{E669ACE8-0E41-4463-B3D0-016185C41E3F}"
EndProject
Project("{FAE04EC0-301F-11D3-BF4B-00C04F79EFBC}") = "Пр2 задача 02", "Пр2 задача 02\Пр2 задача 02.csproj", "{C4745D2F-C747-4A30-BEA3-C65DC818787E}"
EndProject
Project("{FAE04EC0-301F-11D3-BF4B-00C04F79EFBC}") = "Пр2 задача 3", "Пр2 задача 3\Пр2 задача 3.csproj", "{C462A6EC-B119-4911-89CF-8E38B1838DF2}"
EndProject
Project("{FAE04EC0-301F-11D3-BF4B-00C04F79EFBC}") = "Пр2 задача 4", "Пр2 задача 4\Пр2 задача 4.csproj", "{81BA2262-7801-449C-9C92-4BD3BA43E22B}"
EndProject
Project("{FAE04EC0-301F-11D3-BF4B-00C04F79EFBC}") = "Пр2 задание 5", "Пр2 задание 5\Пр2 задание 5.csproj", "{88AA1796-1E65-4443-9AC0-ABBB31C81B2D}"
EndProject
Project("{FAE04EC0-301F-11D3-BF4B-00C04F79EFBC}") = "Пр2 задача 6", "Пр2 задача 6\Пр2 задача 6.csproj", "{DBA2DF3D-E9C9-49B1-B515-02345FAA36D6}"
EndProject
Project("{FAE04EC0-301F-11D3-BF4B-00C04F79EFBC}") = "Пр1 задача 14-1", "Пр1 задача 14-1\Пр1 задача 14-1.csproj", "{2A301D90-EF6A-48E2-BC8B-390A5F6AC60E}"
EndProject
Project("{FAE04EC0-301F-11D3-BF4B-00C04F79EFBC}") = "Пр3 задача 1", "Пр3 задача 1\Пр3 задача 1.csproj", "{ADBF4258-61E1-413C-A4C0-6C812FCEBEFF}"
EndProject
Project("{FAE04EC0-301F-11D3-BF4B-00C04F79EFBC}") = "Пр3 задача 2", "Пр3 задача 2\Пр3 задача 2.csproj", "{DC12999A-D161-4FEF-99D6-89B70E459632}"
EndProject
Project("{FAE04EC0-301F-11D3-BF4B-00C04F79EFBC}") = "Пр3 задача 3-1", "Пр3 задача 3-1\Пр3 задача 3-1.csproj", "{F8256EE6-FEE8-4B97-808A-A67D1C075FFE}"
EndProject
Project("{FAE04EC0-301F-11D3-BF4B-00C04F79EFBC}") = "Пр3 задача 4", "Пр3 задача 4\Пр3 задача 4.csproj", "{FA00A63A-BACE-44D0-BA71-FA8FEF44357B}"
EndProject
Project("{FAE04EC0-301F-11D3-BF4B-00C04F79EFBC}") = "Пр3 задача 5", "Пр3 задача 5\Пр3 задача 5.csproj", "{3672AB80-F7B3-40B9-83AA-6B92B7AEF85C}"
EndProject
Project("{FAE04EC0-301F-11D3-BF4B-00C04F79EFBC}") = "Пр3 задача 7", "Пр3 задача 7\Пр3 задача 7.csproj", "{CFC786DF-3593-4346-8EC9-D6CD9304EE61}"
EndProject
Project("{FAE04EC0-301F-11D3-BF4B-00C04F79EFBC}") = "Пр3 задача 6", "Пр3 задача 6\Пр3 задача 6.csproj", "{7CFE4785-E8CE-413C-AF40-FD75644644D3}"
EndProject
Project("{FAE04EC0-301F-11D3-BF4B-00C04F79EFBC}") = "ПР3 задание 12", "ПР3 задание 12\ПР3 задание 12.csproj", "{18834BBE-91CA-492F-8E8A-0BD748B0056E}"
EndProject
Project("{FAE04EC0-301F-11D3-BF4B-00C04F79EFBC}") = "Пр4 задача 1", "Пр4 задача 1\Пр4 задача 1.csproj", "{4FE0368C-33DF-4091-9CA8-7E0EC131CF4A}"
EndProject
Project("{FAE04EC0-301F-11D3-BF4B-00C04F79EFBC}") = "Пр4 задача 2", "Пр4 задача 2\Пр4 задача 2.csproj", "{D6A0E199-AC7E-4ED6-A299-997C7E75CFBE}"
EndProject
Project("{FAE04EC0-301F-11D3-BF4B-00C04F79EFBC}") = "Пр4 задача 11", "Пр4 задача 11\Пр4 задача 11.csproj", "{C0AD5AC5-D58A-4FA9-B97E-7547F5BD9221}"
EndProject
Project("{FAE04EC0-301F-11D3-BF4B-00C04F79EFBC}") = "Пр4 задача 15", "Пр4 задача 15\Пр4 задача 15.csproj", "{2F8CA5B7-0902-47F5-877C-AE6C34C1CCEC}"
EndProject
Project("{FAE04EC0-301F-11D3-BF4B-00C04F79EFBC}") = "Пр2 задача 8", "Пр2 задача 8\Пр2 задача 8.csproj", "{279667A2-279B-42F2-9EB4-A27EEF30B09E}"
EndProject
Project("{FAE04EC0-301F-11D3-BF4B-00C04F79EFBC}") = "ПР2 задание 7", "ПР2 задание 7\ПР2 задание 7.csproj", "{9D477C61-52C0-404F-A8B0-FAA11EFCD4A0}"
EndProject
Project("{FAE04EC0-301F-11D3-BF4B-00C04F79EFBC}") = "Пр2 задача 10", "Пр2 задача 10\Пр2 задача 10.csproj", "{700E739E-F61B-4B04-B181-FC15AFE07938}"
EndProject
Project("{FAE04EC0-301F-11D3-BF4B-00C04F79EFBC}") = "ПР2 задача 11", "ПР2 задача 11\ПР2 задача 11.csproj", "{1D0B848D-08B4-48EE-A20E-14F8752DC18E}"
EndProject
Project("{FAE04EC0-301F-11D3-BF4B-00C04F79EFBC}") = "Пр2 задача 12", "Пр2 задача 12\Пр2 задача 12.csproj", "{A9A7DA0D-FD66-4616-8263-1092098B594D}"
EndProject
Project("{FAE04EC0-301F-11D3-BF4B-00C04F79EFBC}") = "Пр2 задача 13", "Пр2 задача 13\Пр2 задача 13.csproj", "{81BD72C2-F25D-4900-8B0F-29DFFBB78951}"
EndProject
Project("{FAE04EC0-301F-11D3-BF4B-00C04F79EFBC}") = "Пр2 задача 14", "Пр2 задача 14\Пр2 задача 14.csproj", "{B6D598AA-E439-4AC4-9867-9E67051081D5}"
EndProject
Project("{FAE04EC0-301F-11D3-BF4B-00C04F79EFBC}") = "Пр2 задача 15", "Пр2 задача 15\Пр2 задача 15.csproj", "{05DFD4CC-514E-4908-B787-ACEEC568EFB3}"
EndProject
Project("{FAE04EC0-301F-11D3-BF4B-00C04F79EFBC}") = "Пр3 задача 8", "Пр3 задача 8\Пр3 задача 8.csproj", "{48565CB0-C62C-4198-9231-86C8B46EC5E7}"
EndProject
Project("{FAE04EC0-301F-11D3-BF4B-00C04F79EFBC}") = "Пр3 задача 9", "Пр3 задача 9\Пр3 задача 9.csproj", "{C1771FC7-3945-422B-A640-A115B928B8C8}"
EndProject
Project("{FAE04EC0-301F-11D3-BF4B-00C04F79EFBC}") = "Пр3 задача 10", "Пр3 задача 10\Пр3 задача 10.csproj", "{E689DFE6-7CE8-43CC-9D67-76165503C376}"
EndProject
Project("{FAE04EC0-301F-11D3-BF4B-00C04F79EFBC}") = "Пр3 задача 11", "Пр3 задача 11\Пр3 задача 11.csproj", "{2F94C2FC-9393-4847-9EE5-81A216AFD0DB}"
EndProject
Project("{FAE04EC0-301F-11D3-BF4B-00C04F79EFBC}") = "Пр3 задача 14", "Пр3 задача 14\Пр3 задача 14.csproj", "{4DB5E252-F30A-497C-A2CA-3678BFB252D8}"
EndProject
Project("{FAE04EC0-301F-11D3-BF4B-00C04F79EFBC}") = "Пр3 задача 16", "Пр3 задача 16\Пр3 задача 16.csproj", "{DFA4936C-9EBA-42DB-8E0A-07C5ADBAE65E}"
EndProject
Project("{FAE04EC0-301F-11D3-BF4B-00C04F79EFBC}") = "Пр3 задача 18", "Пр3 задача 18\Пр3 задача 18.csproj", "{7D52835D-0960-4292-8384-D81A8B8CA1A7}"
EndProject
Project("{FAE04EC0-301F-11D3-BF4B-00C04F79EFBC}") = "Пр3 задача 20", "Пр3 задача 20\Пр3 задача 20.csproj", "{98692C0C-A1A6-4D6C-B65E-6B4BE00CBAFF}"
EndProject
Project("{FAE04EC0-301F-11D3-BF4B-00C04F79EFBC}") = "Пр3 задача 21", "Пр3 задача 21\Пр3 задача 21.csproj", "{884DEA77-EA85-421D-9C78-5A973291DC3B}"
EndProject
Project("{FAE04EC0-301F-11D3-BF4B-00C04F79EFBC}") = "Пр4 задача 5", "Пр4 задача 5\Пр4 задача 5.csproj", "{8118B515-0E6B-46F7-9F51-FA2E5F3799F4}"
EndProject
Project("{FAE04EC0-301F-11D3-BF4B-00C04F79EFBC}") = "Пр4 задача 7", "Пр4 задача 7\Пр4 задача 7.csproj", "{7FCE3D46-FA2D-4629-B43D-C1D03DB420B3}"
EndProject
Project("{FAE04EC0-301F-11D3-BF4B-00C04F79EFBC}") = "ПР5 задача 3", "ПР5 задача 3\ПР5 задача 3.csproj", "{8BFE98FA-FA4B-4E6E-AC3B-F5CF275BD1E5}"
EndProject
Project("{FAE04EC0-301F-11D3-BF4B-00C04F79EFBC}") = "Пр5 задача 5", "Пр5 задача 5\Пр5 задача 5.csproj", "{989B1019-AFED-448B-BE79-5E1D94AD1810}"
EndProject
Project("{FAE04EC0-301F-11D3-BF4B-00C04F79EFBC}") = "Пр6 задача 1", "Пр6 задача 1\Пр6 задача 1.csproj", "{18B339A6-EC79-43BA-976F-9D300DE63352}"
EndProject
Project("{FAE04EC0-301F-11D3-BF4B-00C04F79EFBC}") = "Пр6 задача 2", "Пр6 задача 2\Пр6 задача 2.csproj", "{F778A538-A182-4FBB-9B8C-D3B3C26AD6B0}"
EndProject
Project("{FAE04EC0-301F-11D3-BF4B-00C04F79EFBC}") = "Пр6 задача 3", "Пр6 задача 3\Пр6 задача 3.csproj", "{A69C27EC-8A40-462E-9121-75EA849F62C4}"
EndProject
Project("{FAE04EC0-301F-11D3-BF4B-00C04F79EFBC}") = "Пр6 задача 4", "Пр6 задача 4\Пр6 задача 4.csproj", "{D861C595-C66F-4668-8A2C-7DA47C06C185}"
EndProject
Project("{FAE04EC0-301F-11D3-BF4B-00C04F79EFBC}") = "Пр6 задача 5", "Пр6 задача 5\Пр6 задача 5.csproj", "{218CF112-336B-40D4-8E03-26A478F48258}"
EndProject
Project("{FAE04EC0-301F-11D3-BF4B-00C04F79EFBC}") = "Пр6 задача 6", "Пр6 задача 6\Пр6 задача 6.csproj", "{D3DEC2AF-54A4-4256-8053-907CC67263DC}"
EndProject
Project("{FAE04EC0-301F-11D3-BF4B-00C04F79EFBC}") = "Пр6 задача 7", "Пр6 задача 7\Пр6 задача 7.csproj", "{4BD34A18-0A18-4C44-B1AB-050C9FAE7CDA}"
EndProject
Project("{FAE04EC0-301F-11D3-BF4B-00C04F79EFBC}") = "Пр4 задание 3", "Пр4 задание 3\Пр4 задание 3.csproj", "{95C50F34-C85A-4981-B74B-41A581772ADA}"
EndProject
Project("{FAE04EC0-301F-11D3-BF4B-00C04F79EFBC}") = "Пр4 задание 4", "Пр4 задание 4\Пр4 задание 4.csproj", "{DDD58D66-01BA-4D4E-9054-AA9F6A5565BD}"
EndProject
Project("{FAE04EC0-301F-11D3-BF4B-00C04F79EFBC}") = "Пр4 задание 6", "Пр4 задание 6\Пр4 задание 6.csproj", "{369E3CC4-F74C-43E2-8679-9931DC9BEC2A}"
EndProject
Project("{FAE04EC0-301F-11D3-BF4B-00C04F79EFBC}") = "Пр4 задача 14", "Пр4 задача 14\Пр4 задача 14.csproj", "{EE697AA4-DDE3-449D-82C2-2DB5BEAC9750}"
EndProject
Project("{FAE04EC0-301F-11D3-BF4B-00C04F79EFBC}") = "Пр4 задача 17", "Пр4 задача 17\Пр4 задача 17.csproj", "{58DF8727-884B-4487-A1C7-A68A93890867}"
EndProject
Project("{FAE04EC0-301F-11D3-BF4B-00C04F79EFBC}") = "Пр4 задача 21", "Пр4 задача 21\Пр4 задача 21.csproj", "{B4B03546-537D-490F-B25C-E1C1CF2EDCCB}"
EndProject
Project("{FAE04EC0-301F-11D3-BF4B-00C04F79EFBC}") = "Пр 6 задача 7", "Пр 6 задача 7\Пр 6 задача 7.csproj", "{10E839B9-46F7-4505-8106-06112702161C}"
EndProject
Project("{FAE04EC0-301F-11D3-BF4B-00C04F79EFBC}") = "Пр 6 задача 8", "Пр 6 задача 8\Пр 6 задача 8.csproj", "{6D8FA5AE-4664-476E-A701-2527AE00F484}"
EndProject
Project("{FAE04EC0-301F-11D3-BF4B-00C04F79EFBC}") = "Пр 6 задача 9", "Пр 6 задача 9\Пр 6 задача 9.csproj", "{B6BE1303-41D6-4BEC-A5C9-C16A6C18C1F2}"
EndProject
Project("{FAE04EC0-301F-11D3-BF4B-00C04F79EFBC}") = "Пр 6 задача 10", "Пр 6 задача 10\Пр 6 задача 10.csproj", "{63F18582-5F68-4BB5-A098-355BDDD81C25}"
EndProject
Project("{FAE04EC0-301F-11D3-BF4B-00C04F79EFBC}") = "Пр 6 задача 15", "Пр 6 задача 15\Пр 6 задача 15.csproj", "{950A6B70-46DD-470B-AD08-5DDC6B2B062A}"
EndProject
Project("{FAE04EC0-301F-11D3-BF4B-00C04F79EFBC}") = "Пр 6 задача 16", "Пр 6 задача 16\Пр 6 задача 16.csproj", "{3906A843-FD86-407A-A601-F2A4055ECA00}"
EndProject
Project("{FAE04EC0-301F-11D3-BF4B-00C04F79EFBC}") = "Пр 6 задача 17", "Пр 6 задача 17\Пр 6 задача 17.csproj", "{B82D4666-F1B9-4EA7-B729-6E3B2266BE97}"
EndProject
Project("{FAE04EC0-301F-11D3-BF4B-00C04F79EFBC}") = "Пр 6 задача 18", "Пр 6 задача 18\Пр 6 задача 18.csproj", "{8E78B961-C236-4BE9-AC7A-03D21E2CBB5F}"
EndProject
Project("{FAE04EC0-301F-11D3-BF4B-00C04F79EFBC}") = "Пр 6 задача 19", "Пр 6 задача 19\Пр 6 задача 19.csproj", "{958F02D4-AB2C-468D-8DB2-A5194641345F}"
EndProject
Project("{FAE04EC0-301F-11D3-BF4B-00C04F79EFBC}") = "Пр 6 задача 20", "Пр 6 задача 20\Пр 6 задача 20.csproj", "{AB9FF23B-4CC4-42C8-9B14-533F9A5DA3EC}"
EndProject
Project("{FAE04EC0-301F-11D3-BF4B-00C04F79EFBC}") = "Пр 6 задача 23", "Пр 6 задача 23\Пр 6 задача 23.csproj", "{A4D06E63-D2CE-41EF-9ABF-483167082AB3}"
EndProject
Project("{FAE04EC0-301F-11D3-BF4B-00C04F79EFBC}") = "Пр5 задачa 8", "Пр5 задача 8\Пр5 задачa 8.csproj", "{20A140BC-AEAF-4E0A-9E12-ED971A4ACA56}"
EndProject
Project("{FAE04EC0-301F-11D3-BF4B-00C04F79EFBC}") = "Пр5 задача 9", "Пр5 задача 9\Пр5 задача 9.csproj", "{E4CE9739-ED66-4F57-A4BC-385669FD74B6}"
EndProject
Project("{FAE04EC0-301F-11D3-BF4B-00C04F79EFBC}") = "Пр 6 задача 21", "Пр 6 задача 21\Пр 6 задача 21.csproj", "{2EA879D8-D837-4E81-9174-0A7D414F74B4}"
EndProject
Project("{FAE04EC0-301F-11D3-BF4B-00C04F79EFBC}") = "Пр 6 задача 24", "Пр 6 задача 24\Пр 6 задача 24.csproj", "{7E86FC50-5469-4A25-8E68-D27FB432E5B5}"
EndProject
Project("{FAE04EC0-301F-11D3-BF4B-00C04F79EFBC}") = "Пр 6 задача 22", "Пр 6 задача 22\Пр 6 задача 22.csproj", "{2152177B-C07C-402A-A5BA-47386C46546A}"
EndProject
Project("{FAE04EC0-301F-11D3-BF4B-00C04F79EFBC}") = "Пр 6 задача 25", "Пр 6 задача 25\Пр 6 задача 25.csproj", "{A32D85E6-FCCD-4579-AD46-EF4CE7E86EA7}"
EndProject
Project("{FAE04EC0-301F-11D3-BF4B-00C04F79EFBC}") = "Пр 6 задача 26", "Пр 6 задача 26\Пр 6 задача 26.csproj", "{C433DE88-45B0-4DE7-9480-7E387825B936}"
EndProject
Project("{FAE04EC0-301F-11D3-BF4B-00C04F79EFBC}") = "Пр 6 задача 27", "Пр 6 задача 27\Пр 6 задача 27.csproj", "{298A496C-F8BC-4EC5-A5B1-AB883E954CD0}"
EndProject
Project("{FAE04EC0-301F-11D3-BF4B-00C04F79EFBC}") = "Пр 6 задача 28", "Пр 6 задача 28\Пр 6 задача 28.csproj", "{E4AA4B16-3935-4B23-A95E-FCD377758ED1}"
EndProject
Project("{FAE04EC0-301F-11D3-BF4B-00C04F79EFBC}") = "Пр 6 задача 29", "Пр 6 задача 29\Пр 6 задача 29.csproj", "{7E42C6FE-4344-49B8-B4C6-A9BE1F4A4EAA}"
EndProject
Project("{FAE04EC0-301F-11D3-BF4B-00C04F79EFBC}") = "Пр 7 задача 1", "Пр 7 задача 1\Пр 7 задача 1.csproj", "{B3706164-A6C0-4AF1-9E6E-D64663DF6B5F}"
EndProject
Project("{FAE04EC0-301F-11D3-BF4B-00C04F79EFBC}") = "Пр 7 задача 2", "Пр 7 задача 2\Пр 7 задача 2.csproj", "{C1D753F8-0F78-4EAB-B576-8419109CBA70}"
EndProject
Project("{FAE04EC0-301F-11D3-BF4B-00C04F79EFBC}") = "Пр 7 заадача 3", "Пр 7 заадача 3\Пр 7 заадача 3.csproj", "{92DAD901-FFEE-4C9B-9004-A3E80C128F73}"
EndProject
Project("{FAE04EC0-301F-11D3-BF4B-00C04F79EFBC}") = "Пр 7 задача 7", "Пр 7 задача 7\Пр 7 задача 7.csproj", "{ECDB6B5B-EDF8-4AEA-82DD-90A9290B0A8B}"
EndProject
Project("{FAE04EC0-301F-11D3-BF4B-00C04F79EFBC}") = "Пр 7 задача 6", "Пр 7 задача 6\Пр 7 задача 6.csproj", "{B0436D36-B606-473D-8B56-1EC3154FEE4C}"
EndProject
Project("{FAE04EC0-301F-11D3-BF4B-00C04F79EFBC}") = "Пр 7 задаа 10", "Пр 7 задаа 10\Пр 7 задаа 10.csproj", "{33E727D2-0D6A-4D59-BCD2-1866ADD083FB}"
EndProject
Project("{FAE04EC0-301F-11D3-BF4B-00C04F79EFBC}") = "Пр 7 задача 8", "Пр 7 задача 8\Пр 7 задача 8.csproj", "{A87D5A94-E4C0-45A4-971A-9DAD08A4CCD4}"
EndProject
Project("{FAE04EC0-301F-11D3-BF4B-00C04F79EFBC}") = "Пр 7 задача 12", "Пр 7 задача 12\Пр 7 задача 12.csproj", "{07E45187-57B1-4196-AA36-481A0CFDE02E}"
EndProject
Project("{FAE04EC0-301F-11D3-BF4B-00C04F79EFBC}") = "Пр 7 задача 13", "Пр 7 задача 13\Пр 7 задача 13.csproj", "{40FC18CA-191E-4F8F-9F5A-8140EEF56015}"
EndProject
Project("{FAE04EC0-301F-11D3-BF4B-00C04F79EFBC}") = "Пр 7 задача 16", "Пр 7 задача 16\Пр 7 задача 16.csproj", "{A5DEBE85-3BFC-434B-8A22-59B9BBDB1BBB}"
EndProject
Project("{FAE04EC0-301F-11D3-BF4B-00C04F79EFBC}") = "Пр 8 задача 1", "Пр 8 задача 1\Пр 8 задача 1.csproj", "{13F1CF55-D1E3-4022-8EEB-AD75882CB2D1}"
EndProject
Project("{FAE04EC0-301F-11D3-BF4B-00C04F79EFBC}") = "Пр 8 задача 2(2)", "Пр 8 задача 2(2)\Пр 8 задача 2(2).csproj", "{C28811B2-FD27-40EA-AFF0-98FA4790F407}"
EndProject
Project("{FAE04EC0-301F-11D3-BF4B-00C04F79EFBC}") = "Пр 8 задача 3", "Пр 8 задача 3\Пр 8 задача 3.csproj", "{398418FF-63AD-46C5-91A4-35F3D0D8C464}"
EndProject
Project("{FAE04EC0-301F-11D3-BF4B-00C04F79EFBC}") = "Пр 8 задача 4", "Пр 8 задача 4\Пр 8 задача 4.csproj", "{E15B8044-3896-48A6-8CA6-3021489FC3BB}"
EndProject
Project("{FAE04EC0-301F-11D3-BF4B-00C04F79EFBC}") = "Пр 8 задача 6", "Пр 8 задача 6\Пр 8 задача 6.csproj", "{22383548-879C-4004-9A9B-206BC9351A3D}"
EndProject
Project("{FAE04EC0-301F-11D3-BF4B-00C04F79EFBC}") = "Пр 8 задача 8", "Пр 8 задача 8\Пр 8 задача 8.csproj", "{0A329DF2-72DC-479C-AB88-685B82E74323}"
EndProject
Project("{FAE04EC0-301F-11D3-BF4B-00C04F79EFBC}") = "Пр 8 задача 9", "Пр 8 задача 9\Пр 8 задача 9.csproj", "{884FD327-90B9-4E13-9301-2640D6B71889}"
EndProject
Project("{FAE04EC0-301F-11D3-BF4B-00C04F79EFBC}") = "Пр 8 задача 11", "Пр 8 задача 11\Пр 8 задача 11.csproj", "{05EADDDE-5D4E-4A7C-998E-60EA54A7FA91}"
EndProject
Project("{FAE04EC0-301F-11D3-BF4B-00C04F79EFBC}") = "Пр 8 задача 12", "Пр 8 задача 12\Пр 8 задача 12.csproj", "{FD63A242-AC89-4676-8E13-B9570027C24B}"
EndProject
Project("{FAE04EC0-301F-11D3-BF4B-00C04F79EFBC}") = "Пр 8 задача 16", "Пр 8 задача 16\Пр 8 задача 16.csproj", "{2D460372-BE3C-4FA3-AD27-3A2B56DCBAB0}"
EndProject
Project("{FAE04EC0-301F-11D3-BF4B-00C04F79EFBC}") = "Пр 9 задача 1", "Пр 9 задача 1\Пр 9 задача 1.csproj", "{E2E22700-43B5-4ADB-96CF-47D359863D64}"
EndProject
Project("{FAE04EC0-301F-11D3-BF4B-00C04F79EFBC}") = "Пр 9 задача 2", "Пр 9 задача 2\Пр 9 задача 2.csproj", "{3ACF50F2-0AD5-4040-8701-8CD7D54BB599}"
EndProject
Project("{FAE04EC0-301F-11D3-BF4B-00C04F79EFBC}") = "Пр 9 задача 5", "Пр 9 задача 5\Пр 9 задача 5.csproj", "{2C7D2C2E-CE98-4768-84BE-6EC79BEBF007}"
EndProject
Project("{FAE04EC0-301F-11D3-BF4B-00C04F79EFBC}") = "Пр 9 задача 4", "Пр 9 задача 4\Пр 9 задача 4.csproj", "{4D5A2846-2431-4CA3-B883-7A518AD98469}"
EndProject
Project("{FAE04EC0-301F-11D3-BF4B-00C04F79EFBC}") = "Пр 10 задача 1", "..\Практическая работа 10\Практическая работа 10\Пр 10 задача 1.csproj", "{84A6C4C9-26D2-4DC7-A007-A09A8723F3C1}"
EndProject
Project("{FAE04EC0-301F-11D3-BF4B-00C04F79EFBC}") = "Пр 10 задача 2", "..\Практическая работа 10\Пр 10 задача 2\Пр 10 задача 2.csproj", "{4BDF5574-843E-4B02-9F72-912A8255D2A0}"
EndProject
Project("{FAE04EC0-301F-11D3-BF4B-00C04F79EFBC}") = "Пр 10 задача 7", "..\Практическая работа 10\Пр 10 задача 7\Пр 10 задача 7.csproj", "{D5CD3F67-C5EB-4AAA-B2FF-81707FD3BED0}"
EndProject
Project("{FAE04EC0-301F-11D3-BF4B-00C04F79EFBC}") = "Пр 10 задача 8", "..\Практическая работа 10\Пр 10 задача 8\Пр 10 задача 8.csproj", "{83EF31DA-1C11-4CC0-907F-4070AD47A068}"
EndProject
Project("{FAE04EC0-301F-11D3-BF4B-00C04F79EFBC}") = "Пр 10 задача 13", "..\Практическая работа 10\Пр 10 задача 13\Пр 10 задача 13.csproj", "{8643DCF9-4F62-42FD-B698-44317B641983}"
EndProject
Project("{FAE04EC0-301F-11D3-BF4B-00C04F79EFBC}") = "Пр 10 задача 17", "..\Практическая работа 10\Пр 10 задача 17\Пр 10 задача 17.csproj", "{0B75E52E-0FEF-4D1A-BEB5-D0D11DCE75E0}"
EndProject
Project("{FAE04EC0-301F-11D3-BF4B-00C04F79EFBC}") = "Пр 10 задача 3", "..\Практическая работа 10\Пр 10 задача 3\Пр 10 задача 3.csproj", "{A0280128-5435-4D1B-8025-617171C0CA4F}"
EndProject
Project("{FAE04EC0-301F-11D3-BF4B-00C04F79EFBC}") = "ПР 10 задача 15", "ПР 10 задача 15\ПР 10 задача 15.csproj", "{75B866A9-7190-41FB-AEAF-823F9D5EBD37}"
EndProject
Project("{FAE04EC0-301F-11D3-BF4B-00C04F79EFBC}") = "Пр 10 задача 16", "Пр 10 задача 16\Пр 10 задача 16.csproj", "{66CFCF58-55AB-4A2B-8E61-C0108757A60D}"
EndProject
Project("{FAE04EC0-301F-11D3-BF4B-00C04F79EFBC}") = "Пр 10 задача 14", "26 09 2022\Пр 10 задача 14.csproj", "{DB32046B-3086-48DC-917C-7B9F45293DAB}"
EndProject
Global
	GlobalSection(SolutionConfigurationPlatforms) = preSolution
		Debug|Any CPU = Debug|Any CPU
		Release|Any CPU = Release|Any CPU
	EndGlobalSection
	GlobalSection(ProjectConfigurationPlatforms) = postSolution
		{73F7D887-59A2-4352-BCFD-3D68313214C2}.Debug|Any CPU.ActiveCfg = Debug|Any CPU
		{73F7D887-59A2-4352-BCFD-3D68313214C2}.Debug|Any CPU.Build.0 = Debug|Any CPU
		{73F7D887-59A2-4352-BCFD-3D68313214C2}.Release|Any CPU.ActiveCfg = Release|Any CPU
		{73F7D887-59A2-4352-BCFD-3D68313214C2}.Release|Any CPU.Build.0 = Release|Any CPU
		{68B4DB97-AB96-4498-A23D-046C7357470A}.Debug|Any CPU.ActiveCfg = Debug|Any CPU
		{68B4DB97-AB96-4498-A23D-046C7357470A}.Debug|Any CPU.Build.0 = Debug|Any CPU
		{68B4DB97-AB96-4498-A23D-046C7357470A}.Release|Any CPU.ActiveCfg = Release|Any CPU
		{68B4DB97-AB96-4498-A23D-046C7357470A}.Release|Any CPU.Build.0 = Release|Any CPU
		{C5D0DEDB-EAA6-4847-9E9D-A4C4746CFBF4}.Debug|Any CPU.ActiveCfg = Debug|Any CPU
		{C5D0DEDB-EAA6-4847-9E9D-A4C4746CFBF4}.Debug|Any CPU.Build.0 = Debug|Any CPU
		{C5D0DEDB-EAA6-4847-9E9D-A4C4746CFBF4}.Release|Any CPU.ActiveCfg = Release|Any CPU
		{C5D0DEDB-EAA6-4847-9E9D-A4C4746CFBF4}.Release|Any CPU.Build.0 = Release|Any CPU
		{4035E404-B8DD-41DC-B910-6C890159A059}.Debug|Any CPU.ActiveCfg = Debug|Any CPU
		{4035E404-B8DD-41DC-B910-6C890159A059}.Debug|Any CPU.Build.0 = Debug|Any CPU
		{4035E404-B8DD-41DC-B910-6C890159A059}.Release|Any CPU.ActiveCfg = Release|Any CPU
		{4035E404-B8DD-41DC-B910-6C890159A059}.Release|Any CPU.Build.0 = Release|Any CPU
		{39EB058A-6B10-464E-979A-F65C2CA99914}.Debug|Any CPU.ActiveCfg = Debug|Any CPU
		{39EB058A-6B10-464E-979A-F65C2CA99914}.Debug|Any CPU.Build.0 = Debug|Any CPU
		{39EB058A-6B10-464E-979A-F65C2CA99914}.Release|Any CPU.ActiveCfg = Release|Any CPU
		{39EB058A-6B10-464E-979A-F65C2CA99914}.Release|Any CPU.Build.0 = Release|Any CPU
		{CD0F43BA-614B-4D49-A289-F4A0064ACECA}.Debug|Any CPU.ActiveCfg = Debug|Any CPU
		{CD0F43BA-614B-4D49-A289-F4A0064ACECA}.Debug|Any CPU.Build.0 = Debug|Any CPU
		{CD0F43BA-614B-4D49-A289-F4A0064ACECA}.Release|Any CPU.ActiveCfg = Release|Any CPU
		{CD0F43BA-614B-4D49-A289-F4A0064ACECA}.Release|Any CPU.Build.0 = Release|Any CPU
		{B1BD779B-B3BF-429F-874F-34819D52245F}.Debug|Any CPU.ActiveCfg = Debug|Any CPU
		{B1BD779B-B3BF-429F-874F-34819D52245F}.Debug|Any CPU.Build.0 = Debug|Any CPU
		{B1BD779B-B3BF-429F-874F-34819D52245F}.Release|Any CPU.ActiveCfg = Release|Any CPU
		{B1BD779B-B3BF-429F-874F-34819D52245F}.Release|Any CPU.Build.0 = Release|Any CPU
		{0D346D91-C746-4A14-8024-3C266317FC32}.Debug|Any CPU.ActiveCfg = Debug|Any CPU
		{0D346D91-C746-4A14-8024-3C266317FC32}.Debug|Any CPU.Build.0 = Debug|Any CPU
		{0D346D91-C746-4A14-8024-3C266317FC32}.Release|Any CPU.ActiveCfg = Release|Any CPU
		{0D346D91-C746-4A14-8024-3C266317FC32}.Release|Any CPU.Build.0 = Release|Any CPU
		{73E8210A-3BD2-4942-898C-1890CD0A56C4}.Debug|Any CPU.ActiveCfg = Debug|Any CPU
		{73E8210A-3BD2-4942-898C-1890CD0A56C4}.Debug|Any CPU.Build.0 = Debug|Any CPU
		{73E8210A-3BD2-4942-898C-1890CD0A56C4}.Release|Any CPU.ActiveCfg = Release|Any CPU
		{73E8210A-3BD2-4942-898C-1890CD0A56C4}.Release|Any CPU.Build.0 = Release|Any CPU
		{C584DA0E-4BA8-42D9-891E-5AB54343C1EC}.Debug|Any CPU.ActiveCfg = Debug|Any CPU
		{C584DA0E-4BA8-42D9-891E-5AB54343C1EC}.Debug|Any CPU.Build.0 = Debug|Any CPU
		{C584DA0E-4BA8-42D9-891E-5AB54343C1EC}.Release|Any CPU.ActiveCfg = Release|Any CPU
		{C584DA0E-4BA8-42D9-891E-5AB54343C1EC}.Release|Any CPU.Build.0 = Release|Any CPU
		{7396B5FC-EC22-40C0-ADE3-651B00EE5FFC}.Debug|Any CPU.ActiveCfg = Debug|Any CPU
		{7396B5FC-EC22-40C0-ADE3-651B00EE5FFC}.Debug|Any CPU.Build.0 = Debug|Any CPU
		{7396B5FC-EC22-40C0-ADE3-651B00EE5FFC}.Release|Any CPU.ActiveCfg = Release|Any CPU
		{7396B5FC-EC22-40C0-ADE3-651B00EE5FFC}.Release|Any CPU.Build.0 = Release|Any CPU
		{BC5ECAF3-312E-47BA-A0D0-1B737B93745B}.Debug|Any CPU.ActiveCfg = Debug|Any CPU
		{BC5ECAF3-312E-47BA-A0D0-1B737B93745B}.Debug|Any CPU.Build.0 = Debug|Any CPU
		{BC5ECAF3-312E-47BA-A0D0-1B737B93745B}.Release|Any CPU.ActiveCfg = Release|Any CPU
		{BC5ECAF3-312E-47BA-A0D0-1B737B93745B}.Release|Any CPU.Build.0 = Release|Any CPU
		{B2CB3952-3DB1-446E-8BF7-A797ECF35F3D}.Debug|Any CPU.ActiveCfg = Debug|Any CPU
		{B2CB3952-3DB1-446E-8BF7-A797ECF35F3D}.Debug|Any CPU.Build.0 = Debug|Any CPU
		{B2CB3952-3DB1-446E-8BF7-A797ECF35F3D}.Release|Any CPU.ActiveCfg = Release|Any CPU
		{B2CB3952-3DB1-446E-8BF7-A797ECF35F3D}.Release|Any CPU.Build.0 = Release|Any CPU
		{45AA69E9-E8FA-4ED4-9A40-CD371E1016C9}.Debug|Any CPU.ActiveCfg = Debug|Any CPU
		{45AA69E9-E8FA-4ED4-9A40-CD371E1016C9}.Debug|Any CPU.Build.0 = Debug|Any CPU
		{45AA69E9-E8FA-4ED4-9A40-CD371E1016C9}.Release|Any CPU.ActiveCfg = Release|Any CPU
		{45AA69E9-E8FA-4ED4-9A40-CD371E1016C9}.Release|Any CPU.Build.0 = Release|Any CPU
		{0A8AC703-7B0A-4622-B4F2-07715D9ABD7D}.Debug|Any CPU.ActiveCfg = Debug|Any CPU
		{0A8AC703-7B0A-4622-B4F2-07715D9ABD7D}.Debug|Any CPU.Build.0 = Debug|Any CPU
		{0A8AC703-7B0A-4622-B4F2-07715D9ABD7D}.Release|Any CPU.ActiveCfg = Release|Any CPU
		{0A8AC703-7B0A-4622-B4F2-07715D9ABD7D}.Release|Any CPU.Build.0 = Release|Any CPU
		{07486FCE-AF14-4D9E-8746-49C6E2583C6A}.Debug|Any CPU.ActiveCfg = Debug|Any CPU
		{07486FCE-AF14-4D9E-8746-49C6E2583C6A}.Debug|Any CPU.Build.0 = Debug|Any CPU
		{07486FCE-AF14-4D9E-8746-49C6E2583C6A}.Release|Any CPU.ActiveCfg = Release|Any CPU
		{07486FCE-AF14-4D9E-8746-49C6E2583C6A}.Release|Any CPU.Build.0 = Release|Any CPU
		{56224454-0938-4D8A-9CFA-906CD2746543}.Debug|Any CPU.ActiveCfg = Debug|Any CPU
		{56224454-0938-4D8A-9CFA-906CD2746543}.Debug|Any CPU.Build.0 = Debug|Any CPU
		{56224454-0938-4D8A-9CFA-906CD2746543}.Release|Any CPU.ActiveCfg = Release|Any CPU
		{56224454-0938-4D8A-9CFA-906CD2746543}.Release|Any CPU.Build.0 = Release|Any CPU
		{E669ACE8-0E41-4463-B3D0-016185C41E3F}.Debug|Any CPU.ActiveCfg = Debug|Any CPU
		{E669ACE8-0E41-4463-B3D0-016185C41E3F}.Debug|Any CPU.Build.0 = Debug|Any CPU
		{E669ACE8-0E41-4463-B3D0-016185C41E3F}.Release|Any CPU.ActiveCfg = Release|Any CPU
		{E669ACE8-0E41-4463-B3D0-016185C41E3F}.Release|Any CPU.Build.0 = Release|Any CPU
		{C4745D2F-C747-4A30-BEA3-C65DC818787E}.Debug|Any CPU.ActiveCfg = Debug|Any CPU
		{C4745D2F-C747-4A30-BEA3-C65DC818787E}.Debug|Any CPU.Build.0 = Debug|Any CPU
		{C4745D2F-C747-4A30-BEA3-C65DC818787E}.Release|Any CPU.ActiveCfg = Release|Any CPU
		{C4745D2F-C747-4A30-BEA3-C65DC818787E}.Release|Any CPU.Build.0 = Release|Any CPU
		{C462A6EC-B119-4911-89CF-8E38B1838DF2}.Debug|Any CPU.ActiveCfg = Debug|Any CPU
		{C462A6EC-B119-4911-89CF-8E38B1838DF2}.Debug|Any CPU.Build.0 = Debug|Any CPU
		{C462A6EC-B119-4911-89CF-8E38B1838DF2}.Release|Any CPU.ActiveCfg = Release|Any CPU
		{C462A6EC-B119-4911-89CF-8E38B1838DF2}.Release|Any CPU.Build.0 = Release|Any CPU
		{81BA2262-7801-449C-9C92-4BD3BA43E22B}.Debug|Any CPU.ActiveCfg = Debug|Any CPU
		{81BA2262-7801-449C-9C92-4BD3BA43E22B}.Debug|Any CPU.Build.0 = Debug|Any CPU
		{81BA2262-7801-449C-9C92-4BD3BA43E22B}.Release|Any CPU.ActiveCfg = Release|Any CPU
		{81BA2262-7801-449C-9C92-4BD3BA43E22B}.Release|Any CPU.Build.0 = Release|Any CPU
		{88AA1796-1E65-4443-9AC0-ABBB31C81B2D}.Debug|Any CPU.ActiveCfg = Debug|Any CPU
		{88AA1796-1E65-4443-9AC0-ABBB31C81B2D}.Debug|Any CPU.Build.0 = Debug|Any CPU
		{88AA1796-1E65-4443-9AC0-ABBB31C81B2D}.Release|Any CPU.ActiveCfg = Release|Any CPU
		{88AA1796-1E65-4443-9AC0-ABBB31C81B2D}.Release|Any CPU.Build.0 = Release|Any CPU
		{DBA2DF3D-E9C9-49B1-B515-02345FAA36D6}.Debug|Any CPU.ActiveCfg = Debug|Any CPU
		{DBA2DF3D-E9C9-49B1-B515-02345FAA36D6}.Debug|Any CPU.Build.0 = Debug|Any CPU
		{DBA2DF3D-E9C9-49B1-B515-02345FAA36D6}.Release|Any CPU.ActiveCfg = Release|Any CPU
		{DBA2DF3D-E9C9-49B1-B515-02345FAA36D6}.Release|Any CPU.Build.0 = Release|Any CPU
		{2A301D90-EF6A-48E2-BC8B-390A5F6AC60E}.Debug|Any CPU.ActiveCfg = Debug|Any CPU
		{2A301D90-EF6A-48E2-BC8B-390A5F6AC60E}.Debug|Any CPU.Build.0 = Debug|Any CPU
		{2A301D90-EF6A-48E2-BC8B-390A5F6AC60E}.Release|Any CPU.ActiveCfg = Release|Any CPU
		{2A301D90-EF6A-48E2-BC8B-390A5F6AC60E}.Release|Any CPU.Build.0 = Release|Any CPU
		{ADBF4258-61E1-413C-A4C0-6C812FCEBEFF}.Debug|Any CPU.ActiveCfg = Debug|Any CPU
		{ADBF4258-61E1-413C-A4C0-6C812FCEBEFF}.Debug|Any CPU.Build.0 = Debug|Any CPU
		{ADBF4258-61E1-413C-A4C0-6C812FCEBEFF}.Release|Any CPU.ActiveCfg = Release|Any CPU
		{ADBF4258-61E1-413C-A4C0-6C812FCEBEFF}.Release|Any CPU.Build.0 = Release|Any CPU
		{DC12999A-D161-4FEF-99D6-89B70E459632}.Debug|Any CPU.ActiveCfg = Debug|Any CPU
		{DC12999A-D161-4FEF-99D6-89B70E459632}.Debug|Any CPU.Build.0 = Debug|Any CPU
		{DC12999A-D161-4FEF-99D6-89B70E459632}.Release|Any CPU.ActiveCfg = Release|Any CPU
		{DC12999A-D161-4FEF-99D6-89B70E459632}.Release|Any CPU.Build.0 = Release|Any CPU
		{F8256EE6-FEE8-4B97-808A-A67D1C075FFE}.Debug|Any CPU.ActiveCfg = Debug|Any CPU
		{F8256EE6-FEE8-4B97-808A-A67D1C075FFE}.Debug|Any CPU.Build.0 = Debug|Any CPU
		{F8256EE6-FEE8-4B97-808A-A67D1C075FFE}.Release|Any CPU.ActiveCfg = Release|Any CPU
		{F8256EE6-FEE8-4B97-808A-A67D1C075FFE}.Release|Any CPU.Build.0 = Release|Any CPU
		{FA00A63A-BACE-44D0-BA71-FA8FEF44357B}.Debug|Any CPU.ActiveCfg = Debug|Any CPU
		{FA00A63A-BACE-44D0-BA71-FA8FEF44357B}.Debug|Any CPU.Build.0 = Debug|Any CPU
		{FA00A63A-BACE-44D0-BA71-FA8FEF44357B}.Release|Any CPU.ActiveCfg = Release|Any CPU
		{FA00A63A-BACE-44D0-BA71-FA8FEF44357B}.Release|Any CPU.Build.0 = Release|Any CPU
		{3672AB80-F7B3-40B9-83AA-6B92B7AEF85C}.Debug|Any CPU.ActiveCfg = Debug|Any CPU
		{3672AB80-F7B3-40B9-83AA-6B92B7AEF85C}.Debug|Any CPU.Build.0 = Debug|Any CPU
		{3672AB80-F7B3-40B9-83AA-6B92B7AEF85C}.Release|Any CPU.ActiveCfg = Release|Any CPU
		{3672AB80-F7B3-40B9-83AA-6B92B7AEF85C}.Release|Any CPU.Build.0 = Release|Any CPU
		{CFC786DF-3593-4346-8EC9-D6CD9304EE61}.Debug|Any CPU.ActiveCfg = Debug|Any CPU
		{CFC786DF-3593-4346-8EC9-D6CD9304EE61}.Debug|Any CPU.Build.0 = Debug|Any CPU
		{CFC786DF-3593-4346-8EC9-D6CD9304EE61}.Release|Any CPU.ActiveCfg = Release|Any CPU
		{CFC786DF-3593-4346-8EC9-D6CD9304EE61}.Release|Any CPU.Build.0 = Release|Any CPU
		{7CFE4785-E8CE-413C-AF40-FD75644644D3}.Debug|Any CPU.ActiveCfg = Debug|Any CPU
		{7CFE4785-E8CE-413C-AF40-FD75644644D3}.Debug|Any CPU.Build.0 = Debug|Any CPU
		{7CFE4785-E8CE-413C-AF40-FD75644644D3}.Release|Any CPU.ActiveCfg = Release|Any CPU
		{7CFE4785-E8CE-413C-AF40-FD75644644D3}.Release|Any CPU.Build.0 = Release|Any CPU
		{18834BBE-91CA-492F-8E8A-0BD748B0056E}.Debug|Any CPU.ActiveCfg = Debug|Any CPU
		{18834BBE-91CA-492F-8E8A-0BD748B0056E}.Debug|Any CPU.Build.0 = Debug|Any CPU
		{18834BBE-91CA-492F-8E8A-0BD748B0056E}.Release|Any CPU.ActiveCfg = Release|Any CPU
		{18834BBE-91CA-492F-8E8A-0BD748B0056E}.Release|Any CPU.Build.0 = Release|Any CPU
		{4FE0368C-33DF-4091-9CA8-7E0EC131CF4A}.Debug|Any CPU.ActiveCfg = Debug|Any CPU
		{4FE0368C-33DF-4091-9CA8-7E0EC131CF4A}.Debug|Any CPU.Build.0 = Debug|Any CPU
		{4FE0368C-33DF-4091-9CA8-7E0EC131CF4A}.Release|Any CPU.ActiveCfg = Release|Any CPU
		{4FE0368C-33DF-4091-9CA8-7E0EC131CF4A}.Release|Any CPU.Build.0 = Release|Any CPU
		{D6A0E199-AC7E-4ED6-A299-997C7E75CFBE}.Debug|Any CPU.ActiveCfg = Debug|Any CPU
		{D6A0E199-AC7E-4ED6-A299-997C7E75CFBE}.Debug|Any CPU.Build.0 = Debug|Any CPU
		{D6A0E199-AC7E-4ED6-A299-997C7E75CFBE}.Release|Any CPU.ActiveCfg = Release|Any CPU
		{D6A0E199-AC7E-4ED6-A299-997C7E75CFBE}.Release|Any CPU.Build.0 = Release|Any CPU
		{C0AD5AC5-D58A-4FA9-B97E-7547F5BD9221}.Debug|Any CPU.ActiveCfg = Debug|Any CPU
		{C0AD5AC5-D58A-4FA9-B97E-7547F5BD9221}.Debug|Any CPU.Build.0 = Debug|Any CPU
		{C0AD5AC5-D58A-4FA9-B97E-7547F5BD9221}.Release|Any CPU.ActiveCfg = Release|Any CPU
		{C0AD5AC5-D58A-4FA9-B97E-7547F5BD9221}.Release|Any CPU.Build.0 = Release|Any CPU
		{2F8CA5B7-0902-47F5-877C-AE6C34C1CCEC}.Debug|Any CPU.ActiveCfg = Debug|Any CPU
		{2F8CA5B7-0902-47F5-877C-AE6C34C1CCEC}.Debug|Any CPU.Build.0 = Debug|Any CPU
		{2F8CA5B7-0902-47F5-877C-AE6C34C1CCEC}.Release|Any CPU.ActiveCfg = Release|Any CPU
		{2F8CA5B7-0902-47F5-877C-AE6C34C1CCEC}.Release|Any CPU.Build.0 = Release|Any CPU
		{279667A2-279B-42F2-9EB4-A27EEF30B09E}.Debug|Any CPU.ActiveCfg = Debug|Any CPU
		{279667A2-279B-42F2-9EB4-A27EEF30B09E}.Debug|Any CPU.Build.0 = Debug|Any CPU
		{279667A2-279B-42F2-9EB4-A27EEF30B09E}.Release|Any CPU.ActiveCfg = Release|Any CPU
		{279667A2-279B-42F2-9EB4-A27EEF30B09E}.Release|Any CPU.Build.0 = Release|Any CPU
		{9D477C61-52C0-404F-A8B0-FAA11EFCD4A0}.Debug|Any CPU.ActiveCfg = Debug|Any CPU
		{9D477C61-52C0-404F-A8B0-FAA11EFCD4A0}.Debug|Any CPU.Build.0 = Debug|Any CPU
		{9D477C61-52C0-404F-A8B0-FAA11EFCD4A0}.Release|Any CPU.ActiveCfg = Release|Any CPU
		{9D477C61-52C0-404F-A8B0-FAA11EFCD4A0}.Release|Any CPU.Build.0 = Release|Any CPU
		{700E739E-F61B-4B04-B181-FC15AFE07938}.Debug|Any CPU.ActiveCfg = Debug|Any CPU
		{700E739E-F61B-4B04-B181-FC15AFE07938}.Debug|Any CPU.Build.0 = Debug|Any CPU
		{700E739E-F61B-4B04-B181-FC15AFE07938}.Release|Any CPU.ActiveCfg = Release|Any CPU
		{700E739E-F61B-4B04-B181-FC15AFE07938}.Release|Any CPU.Build.0 = Release|Any CPU
		{1D0B848D-08B4-48EE-A20E-14F8752DC18E}.Debug|Any CPU.ActiveCfg = Debug|Any CPU
		{1D0B848D-08B4-48EE-A20E-14F8752DC18E}.Debug|Any CPU.Build.0 = Debug|Any CPU
		{1D0B848D-08B4-48EE-A20E-14F8752DC18E}.Release|Any CPU.ActiveCfg = Release|Any CPU
		{1D0B848D-08B4-48EE-A20E-14F8752DC18E}.Release|Any CPU.Build.0 = Release|Any CPU
		{A9A7DA0D-FD66-4616-8263-1092098B594D}.Debug|Any CPU.ActiveCfg = Debug|Any CPU
		{A9A7DA0D-FD66-4616-8263-1092098B594D}.Debug|Any CPU.Build.0 = Debug|Any CPU
		{A9A7DA0D-FD66-4616-8263-1092098B594D}.Release|Any CPU.ActiveCfg = Release|Any CPU
		{A9A7DA0D-FD66-4616-8263-1092098B594D}.Release|Any CPU.Build.0 = Release|Any CPU
		{81BD72C2-F25D-4900-8B0F-29DFFBB78951}.Debug|Any CPU.ActiveCfg = Debug|Any CPU
		{81BD72C2-F25D-4900-8B0F-29DFFBB78951}.Debug|Any CPU.Build.0 = Debug|Any CPU
		{81BD72C2-F25D-4900-8B0F-29DFFBB78951}.Release|Any CPU.ActiveCfg = Release|Any CPU
		{81BD72C2-F25D-4900-8B0F-29DFFBB78951}.Release|Any CPU.Build.0 = Release|Any CPU
		{B6D598AA-E439-4AC4-9867-9E67051081D5}.Debug|Any CPU.ActiveCfg = Debug|Any CPU
		{B6D598AA-E439-4AC4-9867-9E67051081D5}.Debug|Any CPU.Build.0 = Debug|Any CPU
		{B6D598AA-E439-4AC4-9867-9E67051081D5}.Release|Any CPU.ActiveCfg = Release|Any CPU
		{B6D598AA-E439-4AC4-9867-9E67051081D5}.Release|Any CPU.Build.0 = Release|Any CPU
		{05DFD4CC-514E-4908-B787-ACEEC568EFB3}.Debug|Any CPU.ActiveCfg = Debug|Any CPU
		{05DFD4CC-514E-4908-B787-ACEEC568EFB3}.Debug|Any CPU.Build.0 = Debug|Any CPU
		{05DFD4CC-514E-4908-B787-ACEEC568EFB3}.Release|Any CPU.ActiveCfg = Release|Any CPU
		{05DFD4CC-514E-4908-B787-ACEEC568EFB3}.Release|Any CPU.Build.0 = Release|Any CPU
		{48565CB0-C62C-4198-9231-86C8B46EC5E7}.Debug|Any CPU.ActiveCfg = Debug|Any CPU
		{48565CB0-C62C-4198-9231-86C8B46EC5E7}.Debug|Any CPU.Build.0 = Debug|Any CPU
		{48565CB0-C62C-4198-9231-86C8B46EC5E7}.Release|Any CPU.ActiveCfg = Release|Any CPU
		{48565CB0-C62C-4198-9231-86C8B46EC5E7}.Release|Any CPU.Build.0 = Release|Any CPU
		{C1771FC7-3945-422B-A640-A115B928B8C8}.Debug|Any CPU.ActiveCfg = Debug|Any CPU
		{C1771FC7-3945-422B-A640-A115B928B8C8}.Debug|Any CPU.Build.0 = Debug|Any CPU
		{C1771FC7-3945-422B-A640-A115B928B8C8}.Release|Any CPU.ActiveCfg = Release|Any CPU
		{C1771FC7-3945-422B-A640-A115B928B8C8}.Release|Any CPU.Build.0 = Release|Any CPU
		{E689DFE6-7CE8-43CC-9D67-76165503C376}.Debug|Any CPU.ActiveCfg = Debug|Any CPU
		{E689DFE6-7CE8-43CC-9D67-76165503C376}.Debug|Any CPU.Build.0 = Debug|Any CPU
		{E689DFE6-7CE8-43CC-9D67-76165503C376}.Release|Any CPU.ActiveCfg = Release|Any CPU
		{E689DFE6-7CE8-43CC-9D67-76165503C376}.Release|Any CPU.Build.0 = Release|Any CPU
		{2F94C2FC-9393-4847-9EE5-81A216AFD0DB}.Debug|Any CPU.ActiveCfg = Debug|Any CPU
		{2F94C2FC-9393-4847-9EE5-81A216AFD0DB}.Debug|Any CPU.Build.0 = Debug|Any CPU
		{2F94C2FC-9393-4847-9EE5-81A216AFD0DB}.Release|Any CPU.ActiveCfg = Release|Any CPU
		{2F94C2FC-9393-4847-9EE5-81A216AFD0DB}.Release|Any CPU.Build.0 = Release|Any CPU
		{4DB5E252-F30A-497C-A2CA-3678BFB252D8}.Debug|Any CPU.ActiveCfg = Debug|Any CPU
		{4DB5E252-F30A-497C-A2CA-3678BFB252D8}.Debug|Any CPU.Build.0 = Debug|Any CPU
		{4DB5E252-F30A-497C-A2CA-3678BFB252D8}.Release|Any CPU.ActiveCfg = Release|Any CPU
		{4DB5E252-F30A-497C-A2CA-3678BFB252D8}.Release|Any CPU.Build.0 = Release|Any CPU
		{DFA4936C-9EBA-42DB-8E0A-07C5ADBAE65E}.Debug|Any CPU.ActiveCfg = Debug|Any CPU
		{DFA4936C-9EBA-42DB-8E0A-07C5ADBAE65E}.Debug|Any CPU.Build.0 = Debug|Any CPU
		{DFA4936C-9EBA-42DB-8E0A-07C5ADBAE65E}.Release|Any CPU.ActiveCfg = Release|Any CPU
		{DFA4936C-9EBA-42DB-8E0A-07C5ADBAE65E}.Release|Any CPU.Build.0 = Release|Any CPU
		{7D52835D-0960-4292-8384-D81A8B8CA1A7}.Debug|Any CPU.ActiveCfg = Debug|Any CPU
		{7D52835D-0960-4292-8384-D81A8B8CA1A7}.Debug|Any CPU.Build.0 = Debug|Any CPU
		{7D52835D-0960-4292-8384-D81A8B8CA1A7}.Release|Any CPU.ActiveCfg = Release|Any CPU
		{7D52835D-0960-4292-8384-D81A8B8CA1A7}.Release|Any CPU.Build.0 = Release|Any CPU
		{98692C0C-A1A6-4D6C-B65E-6B4BE00CBAFF}.Debug|Any CPU.ActiveCfg = Debug|Any CPU
		{98692C0C-A1A6-4D6C-B65E-6B4BE00CBAFF}.Debug|Any CPU.Build.0 = Debug|Any CPU
		{98692C0C-A1A6-4D6C-B65E-6B4BE00CBAFF}.Release|Any CPU.ActiveCfg = Release|Any CPU
		{98692C0C-A1A6-4D6C-B65E-6B4BE00CBAFF}.Release|Any CPU.Build.0 = Release|Any CPU
		{884DEA77-EA85-421D-9C78-5A973291DC3B}.Debug|Any CPU.ActiveCfg = Debug|Any CPU
		{884DEA77-EA85-421D-9C78-5A973291DC3B}.Debug|Any CPU.Build.0 = Debug|Any CPU
		{884DEA77-EA85-421D-9C78-5A973291DC3B}.Release|Any CPU.ActiveCfg = Release|Any CPU
		{884DEA77-EA85-421D-9C78-5A973291DC3B}.Release|Any CPU.Build.0 = Release|Any CPU
		{8118B515-0E6B-46F7-9F51-FA2E5F3799F4}.Debug|Any CPU.ActiveCfg = Debug|Any CPU
		{8118B515-0E6B-46F7-9F51-FA2E5F3799F4}.Debug|Any CPU.Build.0 = Debug|Any CPU
		{8118B515-0E6B-46F7-9F51-FA2E5F3799F4}.Release|Any CPU.ActiveCfg = Release|Any CPU
		{8118B515-0E6B-46F7-9F51-FA2E5F3799F4}.Release|Any CPU.Build.0 = Release|Any CPU
		{7FCE3D46-FA2D-4629-B43D-C1D03DB420B3}.Debug|Any CPU.ActiveCfg = Debug|Any CPU
		{7FCE3D46-FA2D-4629-B43D-C1D03DB420B3}.Debug|Any CPU.Build.0 = Debug|Any CPU
		{7FCE3D46-FA2D-4629-B43D-C1D03DB420B3}.Release|Any CPU.ActiveCfg = Release|Any CPU
		{7FCE3D46-FA2D-4629-B43D-C1D03DB420B3}.Release|Any CPU.Build.0 = Release|Any CPU
		{8BFE98FA-FA4B-4E6E-AC3B-F5CF275BD1E5}.Debug|Any CPU.ActiveCfg = Debug|Any CPU
		{8BFE98FA-FA4B-4E6E-AC3B-F5CF275BD1E5}.Debug|Any CPU.Build.0 = Debug|Any CPU
		{8BFE98FA-FA4B-4E6E-AC3B-F5CF275BD1E5}.Release|Any CPU.ActiveCfg = Release|Any CPU
		{8BFE98FA-FA4B-4E6E-AC3B-F5CF275BD1E5}.Release|Any CPU.Build.0 = Release|Any CPU
		{989B1019-AFED-448B-BE79-5E1D94AD1810}.Debug|Any CPU.ActiveCfg = Debug|Any CPU
		{989B1019-AFED-448B-BE79-5E1D94AD1810}.Debug|Any CPU.Build.0 = Debug|Any CPU
		{989B1019-AFED-448B-BE79-5E1D94AD1810}.Release|Any CPU.ActiveCfg = Release|Any CPU
		{989B1019-AFED-448B-BE79-5E1D94AD1810}.Release|Any CPU.Build.0 = Release|Any CPU
		{18B339A6-EC79-43BA-976F-9D300DE63352}.Debug|Any CPU.ActiveCfg = Debug|Any CPU
		{18B339A6-EC79-43BA-976F-9D300DE63352}.Debug|Any CPU.Build.0 = Debug|Any CPU
		{18B339A6-EC79-43BA-976F-9D300DE63352}.Release|Any CPU.ActiveCfg = Release|Any CPU
		{18B339A6-EC79-43BA-976F-9D300DE63352}.Release|Any CPU.Build.0 = Release|Any CPU
		{F778A538-A182-4FBB-9B8C-D3B3C26AD6B0}.Debug|Any CPU.ActiveCfg = Debug|Any CPU
		{F778A538-A182-4FBB-9B8C-D3B3C26AD6B0}.Debug|Any CPU.Build.0 = Debug|Any CPU
		{F778A538-A182-4FBB-9B8C-D3B3C26AD6B0}.Release|Any CPU.ActiveCfg = Release|Any CPU
		{F778A538-A182-4FBB-9B8C-D3B3C26AD6B0}.Release|Any CPU.Build.0 = Release|Any CPU
		{A69C27EC-8A40-462E-9121-75EA849F62C4}.Debug|Any CPU.ActiveCfg = Debug|Any CPU
		{A69C27EC-8A40-462E-9121-75EA849F62C4}.Debug|Any CPU.Build.0 = Debug|Any CPU
		{A69C27EC-8A40-462E-9121-75EA849F62C4}.Release|Any CPU.ActiveCfg = Release|Any CPU
		{A69C27EC-8A40-462E-9121-75EA849F62C4}.Release|Any CPU.Build.0 = Release|Any CPU
		{D861C595-C66F-4668-8A2C-7DA47C06C185}.Debug|Any CPU.ActiveCfg = Debug|Any CPU
		{D861C595-C66F-4668-8A2C-7DA47C06C185}.Debug|Any CPU.Build.0 = Debug|Any CPU
		{D861C595-C66F-4668-8A2C-7DA47C06C185}.Release|Any CPU.ActiveCfg = Release|Any CPU
		{D861C595-C66F-4668-8A2C-7DA47C06C185}.Release|Any CPU.Build.0 = Release|Any CPU
		{218CF112-336B-40D4-8E03-26A478F48258}.Debug|Any CPU.ActiveCfg = Debug|Any CPU
		{218CF112-336B-40D4-8E03-26A478F48258}.Debug|Any CPU.Build.0 = Debug|Any CPU
		{218CF112-336B-40D4-8E03-26A478F48258}.Release|Any CPU.ActiveCfg = Release|Any CPU
		{218CF112-336B-40D4-8E03-26A478F48258}.Release|Any CPU.Build.0 = Release|Any CPU
		{D3DEC2AF-54A4-4256-8053-907CC67263DC}.Debug|Any CPU.ActiveCfg = Debug|Any CPU
		{D3DEC2AF-54A4-4256-8053-907CC67263DC}.Debug|Any CPU.Build.0 = Debug|Any CPU
		{D3DEC2AF-54A4-4256-8053-907CC67263DC}.Release|Any CPU.ActiveCfg = Release|Any CPU
		{D3DEC2AF-54A4-4256-8053-907CC67263DC}.Release|Any CPU.Build.0 = Release|Any CPU
		{4BD34A18-0A18-4C44-B1AB-050C9FAE7CDA}.Debug|Any CPU.ActiveCfg = Debug|Any CPU
		{4BD34A18-0A18-4C44-B1AB-050C9FAE7CDA}.Debug|Any CPU.Build.0 = Debug|Any CPU
		{4BD34A18-0A18-4C44-B1AB-050C9FAE7CDA}.Release|Any CPU.ActiveCfg = Release|Any CPU
		{4BD34A18-0A18-4C44-B1AB-050C9FAE7CDA}.Release|Any CPU.Build.0 = Release|Any CPU
		{95C50F34-C85A-4981-B74B-41A581772ADA}.Debug|Any CPU.ActiveCfg = Debug|Any CPU
		{95C50F34-C85A-4981-B74B-41A581772ADA}.Debug|Any CPU.Build.0 = Debug|Any CPU
		{95C50F34-C85A-4981-B74B-41A581772ADA}.Release|Any CPU.ActiveCfg = Release|Any CPU
		{95C50F34-C85A-4981-B74B-41A581772ADA}.Release|Any CPU.Build.0 = Release|Any CPU
		{DDD58D66-01BA-4D4E-9054-AA9F6A5565BD}.Debug|Any CPU.ActiveCfg = Debug|Any CPU
		{DDD58D66-01BA-4D4E-9054-AA9F6A5565BD}.Debug|Any CPU.Build.0 = Debug|Any CPU
		{DDD58D66-01BA-4D4E-9054-AA9F6A5565BD}.Release|Any CPU.ActiveCfg = Release|Any CPU
		{DDD58D66-01BA-4D4E-9054-AA9F6A5565BD}.Release|Any CPU.Build.0 = Release|Any CPU
		{369E3CC4-F74C-43E2-8679-9931DC9BEC2A}.Debug|Any CPU.ActiveCfg = Debug|Any CPU
		{369E3CC4-F74C-43E2-8679-9931DC9BEC2A}.Debug|Any CPU.Build.0 = Debug|Any CPU
		{369E3CC4-F74C-43E2-8679-9931DC9BEC2A}.Release|Any CPU.ActiveCfg = Release|Any CPU
		{369E3CC4-F74C-43E2-8679-9931DC9BEC2A}.Release|Any CPU.Build.0 = Release|Any CPU
		{EE697AA4-DDE3-449D-82C2-2DB5BEAC9750}.Debug|Any CPU.ActiveCfg = Debug|Any CPU
		{EE697AA4-DDE3-449D-82C2-2DB5BEAC9750}.Debug|Any CPU.Build.0 = Debug|Any CPU
		{EE697AA4-DDE3-449D-82C2-2DB5BEAC9750}.Release|Any CPU.ActiveCfg = Release|Any CPU
		{EE697AA4-DDE3-449D-82C2-2DB5BEAC9750}.Release|Any CPU.Build.0 = Release|Any CPU
		{58DF8727-884B-4487-A1C7-A68A93890867}.Debug|Any CPU.ActiveCfg = Debug|Any CPU
		{58DF8727-884B-4487-A1C7-A68A93890867}.Debug|Any CPU.Build.0 = Debug|Any CPU
		{58DF8727-884B-4487-A1C7-A68A93890867}.Release|Any CPU.ActiveCfg = Release|Any CPU
		{58DF8727-884B-4487-A1C7-A68A93890867}.Release|Any CPU.Build.0 = Release|Any CPU
		{B4B03546-537D-490F-B25C-E1C1CF2EDCCB}.Debug|Any CPU.ActiveCfg = Debug|Any CPU
		{B4B03546-537D-490F-B25C-E1C1CF2EDCCB}.Debug|Any CPU.Build.0 = Debug|Any CPU
		{B4B03546-537D-490F-B25C-E1C1CF2EDCCB}.Release|Any CPU.ActiveCfg = Release|Any CPU
		{B4B03546-537D-490F-B25C-E1C1CF2EDCCB}.Release|Any CPU.Build.0 = Release|Any CPU
		{10E839B9-46F7-4505-8106-06112702161C}.Debug|Any CPU.ActiveCfg = Debug|Any CPU
		{10E839B9-46F7-4505-8106-06112702161C}.Debug|Any CPU.Build.0 = Debug|Any CPU
		{10E839B9-46F7-4505-8106-06112702161C}.Release|Any CPU.ActiveCfg = Release|Any CPU
		{10E839B9-46F7-4505-8106-06112702161C}.Release|Any CPU.Build.0 = Release|Any CPU
		{6D8FA5AE-4664-476E-A701-2527AE00F484}.Debug|Any CPU.ActiveCfg = Debug|Any CPU
		{6D8FA5AE-4664-476E-A701-2527AE00F484}.Debug|Any CPU.Build.0 = Debug|Any CPU
		{6D8FA5AE-4664-476E-A701-2527AE00F484}.Release|Any CPU.ActiveCfg = Release|Any CPU
		{6D8FA5AE-4664-476E-A701-2527AE00F484}.Release|Any CPU.Build.0 = Release|Any CPU
		{B6BE1303-41D6-4BEC-A5C9-C16A6C18C1F2}.Debug|Any CPU.ActiveCfg = Debug|Any CPU
		{B6BE1303-41D6-4BEC-A5C9-C16A6C18C1F2}.Debug|Any CPU.Build.0 = Debug|Any CPU
		{B6BE1303-41D6-4BEC-A5C9-C16A6C18C1F2}.Release|Any CPU.ActiveCfg = Release|Any CPU
		{B6BE1303-41D6-4BEC-A5C9-C16A6C18C1F2}.Release|Any CPU.Build.0 = Release|Any CPU
		{63F18582-5F68-4BB5-A098-355BDDD81C25}.Debug|Any CPU.ActiveCfg = Debug|Any CPU
		{63F18582-5F68-4BB5-A098-355BDDD81C25}.Debug|Any CPU.Build.0 = Debug|Any CPU
		{63F18582-5F68-4BB5-A098-355BDDD81C25}.Release|Any CPU.ActiveCfg = Release|Any CPU
		{63F18582-5F68-4BB5-A098-355BDDD81C25}.Release|Any CPU.Build.0 = Release|Any CPU
		{950A6B70-46DD-470B-AD08-5DDC6B2B062A}.Debug|Any CPU.ActiveCfg = Debug|Any CPU
		{950A6B70-46DD-470B-AD08-5DDC6B2B062A}.Debug|Any CPU.Build.0 = Debug|Any CPU
		{950A6B70-46DD-470B-AD08-5DDC6B2B062A}.Release|Any CPU.ActiveCfg = Release|Any CPU
		{950A6B70-46DD-470B-AD08-5DDC6B2B062A}.Release|Any CPU.Build.0 = Release|Any CPU
		{3906A843-FD86-407A-A601-F2A4055ECA00}.Debug|Any CPU.ActiveCfg = Debug|Any CPU
		{3906A843-FD86-407A-A601-F2A4055ECA00}.Debug|Any CPU.Build.0 = Debug|Any CPU
		{3906A843-FD86-407A-A601-F2A4055ECA00}.Release|Any CPU.ActiveCfg = Release|Any CPU
		{3906A843-FD86-407A-A601-F2A4055ECA00}.Release|Any CPU.Build.0 = Release|Any CPU
		{B82D4666-F1B9-4EA7-B729-6E3B2266BE97}.Debug|Any CPU.ActiveCfg = Debug|Any CPU
		{B82D4666-F1B9-4EA7-B729-6E3B2266BE97}.Debug|Any CPU.Build.0 = Debug|Any CPU
		{B82D4666-F1B9-4EA7-B729-6E3B2266BE97}.Release|Any CPU.ActiveCfg = Release|Any CPU
		{B82D4666-F1B9-4EA7-B729-6E3B2266BE97}.Release|Any CPU.Build.0 = Release|Any CPU
		{8E78B961-C236-4BE9-AC7A-03D21E2CBB5F}.Debug|Any CPU.ActiveCfg = Debug|Any CPU
		{8E78B961-C236-4BE9-AC7A-03D21E2CBB5F}.Debug|Any CPU.Build.0 = Debug|Any CPU
		{8E78B961-C236-4BE9-AC7A-03D21E2CBB5F}.Release|Any CPU.ActiveCfg = Release|Any CPU
		{8E78B961-C236-4BE9-AC7A-03D21E2CBB5F}.Release|Any CPU.Build.0 = Release|Any CPU
		{958F02D4-AB2C-468D-8DB2-A5194641345F}.Debug|Any CPU.ActiveCfg = Debug|Any CPU
		{958F02D4-AB2C-468D-8DB2-A5194641345F}.Debug|Any CPU.Build.0 = Debug|Any CPU
		{958F02D4-AB2C-468D-8DB2-A5194641345F}.Release|Any CPU.ActiveCfg = Release|Any CPU
		{958F02D4-AB2C-468D-8DB2-A5194641345F}.Release|Any CPU.Build.0 = Release|Any CPU
		{AB9FF23B-4CC4-42C8-9B14-533F9A5DA3EC}.Debug|Any CPU.ActiveCfg = Debug|Any CPU
		{AB9FF23B-4CC4-42C8-9B14-533F9A5DA3EC}.Debug|Any CPU.Build.0 = Debug|Any CPU
		{AB9FF23B-4CC4-42C8-9B14-533F9A5DA3EC}.Release|Any CPU.ActiveCfg = Release|Any CPU
		{AB9FF23B-4CC4-42C8-9B14-533F9A5DA3EC}.Release|Any CPU.Build.0 = Release|Any CPU
		{A4D06E63-D2CE-41EF-9ABF-483167082AB3}.Debug|Any CPU.ActiveCfg = Debug|Any CPU
		{A4D06E63-D2CE-41EF-9ABF-483167082AB3}.Debug|Any CPU.Build.0 = Debug|Any CPU
		{A4D06E63-D2CE-41EF-9ABF-483167082AB3}.Release|Any CPU.ActiveCfg = Release|Any CPU
		{A4D06E63-D2CE-41EF-9ABF-483167082AB3}.Release|Any CPU.Build.0 = Release|Any CPU
		{20A140BC-AEAF-4E0A-9E12-ED971A4ACA56}.Debug|Any CPU.ActiveCfg = Debug|Any CPU
		{20A140BC-AEAF-4E0A-9E12-ED971A4ACA56}.Debug|Any CPU.Build.0 = Debug|Any CPU
		{20A140BC-AEAF-4E0A-9E12-ED971A4ACA56}.Release|Any CPU.ActiveCfg = Release|Any CPU
		{20A140BC-AEAF-4E0A-9E12-ED971A4ACA56}.Release|Any CPU.Build.0 = Release|Any CPU
		{E4CE9739-ED66-4F57-A4BC-385669FD74B6}.Debug|Any CPU.ActiveCfg = Debug|Any CPU
		{E4CE9739-ED66-4F57-A4BC-385669FD74B6}.Debug|Any CPU.Build.0 = Debug|Any CPU
		{E4CE9739-ED66-4F57-A4BC-385669FD74B6}.Release|Any CPU.ActiveCfg = Release|Any CPU
		{E4CE9739-ED66-4F57-A4BC-385669FD74B6}.Release|Any CPU.Build.0 = Release|Any CPU
		{2EA879D8-D837-4E81-9174-0A7D414F74B4}.Debug|Any CPU.ActiveCfg = Debug|Any CPU
		{2EA879D8-D837-4E81-9174-0A7D414F74B4}.Debug|Any CPU.Build.0 = Debug|Any CPU
		{2EA879D8-D837-4E81-9174-0A7D414F74B4}.Release|Any CPU.ActiveCfg = Release|Any CPU
		{2EA879D8-D837-4E81-9174-0A7D414F74B4}.Release|Any CPU.Build.0 = Release|Any CPU
		{7E86FC50-5469-4A25-8E68-D27FB432E5B5}.Debug|Any CPU.ActiveCfg = Debug|Any CPU
		{7E86FC50-5469-4A25-8E68-D27FB432E5B5}.Debug|Any CPU.Build.0 = Debug|Any CPU
		{7E86FC50-5469-4A25-8E68-D27FB432E5B5}.Release|Any CPU.ActiveCfg = Release|Any CPU
		{7E86FC50-5469-4A25-8E68-D27FB432E5B5}.Release|Any CPU.Build.0 = Release|Any CPU
		{2152177B-C07C-402A-A5BA-47386C46546A}.Debug|Any CPU.ActiveCfg = Debug|Any CPU
		{2152177B-C07C-402A-A5BA-47386C46546A}.Debug|Any CPU.Build.0 = Debug|Any CPU
		{2152177B-C07C-402A-A5BA-47386C46546A}.Release|Any CPU.ActiveCfg = Release|Any CPU
		{2152177B-C07C-402A-A5BA-47386C46546A}.Release|Any CPU.Build.0 = Release|Any CPU
		{A32D85E6-FCCD-4579-AD46-EF4CE7E86EA7}.Debug|Any CPU.ActiveCfg = Debug|Any CPU
		{A32D85E6-FCCD-4579-AD46-EF4CE7E86EA7}.Debug|Any CPU.Build.0 = Debug|Any CPU
		{A32D85E6-FCCD-4579-AD46-EF4CE7E86EA7}.Release|Any CPU.ActiveCfg = Release|Any CPU
		{A32D85E6-FCCD-4579-AD46-EF4CE7E86EA7}.Release|Any CPU.Build.0 = Release|Any CPU
		{C433DE88-45B0-4DE7-9480-7E387825B936}.Debug|Any CPU.ActiveCfg = Debug|Any CPU
		{C433DE88-45B0-4DE7-9480-7E387825B936}.Debug|Any CPU.Build.0 = Debug|Any CPU
		{C433DE88-45B0-4DE7-9480-7E387825B936}.Release|Any CPU.ActiveCfg = Release|Any CPU
		{C433DE88-45B0-4DE7-9480-7E387825B936}.Release|Any CPU.Build.0 = Release|Any CPU
		{298A496C-F8BC-4EC5-A5B1-AB883E954CD0}.Debug|Any CPU.ActiveCfg = Debug|Any CPU
		{298A496C-F8BC-4EC5-A5B1-AB883E954CD0}.Debug|Any CPU.Build.0 = Debug|Any CPU
		{298A496C-F8BC-4EC5-A5B1-AB883E954CD0}.Release|Any CPU.ActiveCfg = Release|Any CPU
		{298A496C-F8BC-4EC5-A5B1-AB883E954CD0}.Release|Any CPU.Build.0 = Release|Any CPU
		{E4AA4B16-3935-4B23-A95E-FCD377758ED1}.Debug|Any CPU.ActiveCfg = Debug|Any CPU
		{E4AA4B16-3935-4B23-A95E-FCD377758ED1}.Debug|Any CPU.Build.0 = Debug|Any CPU
		{E4AA4B16-3935-4B23-A95E-FCD377758ED1}.Release|Any CPU.ActiveCfg = Release|Any CPU
		{E4AA4B16-3935-4B23-A95E-FCD377758ED1}.Release|Any CPU.Build.0 = Release|Any CPU
		{7E42C6FE-4344-49B8-B4C6-A9BE1F4A4EAA}.Debug|Any CPU.ActiveCfg = Debug|Any CPU
		{7E42C6FE-4344-49B8-B4C6-A9BE1F4A4EAA}.Debug|Any CPU.Build.0 = Debug|Any CPU
		{7E42C6FE-4344-49B8-B4C6-A9BE1F4A4EAA}.Release|Any CPU.ActiveCfg = Release|Any CPU
		{7E42C6FE-4344-49B8-B4C6-A9BE1F4A4EAA}.Release|Any CPU.Build.0 = Release|Any CPU
		{B3706164-A6C0-4AF1-9E6E-D64663DF6B5F}.Debug|Any CPU.ActiveCfg = Debug|Any CPU
		{B3706164-A6C0-4AF1-9E6E-D64663DF6B5F}.Debug|Any CPU.Build.0 = Debug|Any CPU
		{B3706164-A6C0-4AF1-9E6E-D64663DF6B5F}.Release|Any CPU.ActiveCfg = Release|Any CPU
		{B3706164-A6C0-4AF1-9E6E-D64663DF6B5F}.Release|Any CPU.Build.0 = Release|Any CPU
		{C1D753F8-0F78-4EAB-B576-8419109CBA70}.Debug|Any CPU.ActiveCfg = Debug|Any CPU
		{C1D753F8-0F78-4EAB-B576-8419109CBA70}.Debug|Any CPU.Build.0 = Debug|Any CPU
		{C1D753F8-0F78-4EAB-B576-8419109CBA70}.Release|Any CPU.ActiveCfg = Release|Any CPU
		{C1D753F8-0F78-4EAB-B576-8419109CBA70}.Release|Any CPU.Build.0 = Release|Any CPU
		{92DAD901-FFEE-4C9B-9004-A3E80C128F73}.Debug|Any CPU.ActiveCfg = Debug|Any CPU
		{92DAD901-FFEE-4C9B-9004-A3E80C128F73}.Debug|Any CPU.Build.0 = Debug|Any CPU
		{92DAD901-FFEE-4C9B-9004-A3E80C128F73}.Release|Any CPU.ActiveCfg = Release|Any CPU
		{92DAD901-FFEE-4C9B-9004-A3E80C128F73}.Release|Any CPU.Build.0 = Release|Any CPU
		{ECDB6B5B-EDF8-4AEA-82DD-90A9290B0A8B}.Debug|Any CPU.ActiveCfg = Debug|Any CPU
		{ECDB6B5B-EDF8-4AEA-82DD-90A9290B0A8B}.Debug|Any CPU.Build.0 = Debug|Any CPU
		{ECDB6B5B-EDF8-4AEA-82DD-90A9290B0A8B}.Release|Any CPU.ActiveCfg = Release|Any CPU
		{ECDB6B5B-EDF8-4AEA-82DD-90A9290B0A8B}.Release|Any CPU.Build.0 = Release|Any CPU
		{B0436D36-B606-473D-8B56-1EC3154FEE4C}.Debug|Any CPU.ActiveCfg = Debug|Any CPU
		{B0436D36-B606-473D-8B56-1EC3154FEE4C}.Debug|Any CPU.Build.0 = Debug|Any CPU
		{B0436D36-B606-473D-8B56-1EC3154FEE4C}.Release|Any CPU.ActiveCfg = Release|Any CPU
		{B0436D36-B606-473D-8B56-1EC3154FEE4C}.Release|Any CPU.Build.0 = Release|Any CPU
		{33E727D2-0D6A-4D59-BCD2-1866ADD083FB}.Debug|Any CPU.ActiveCfg = Debug|Any CPU
		{33E727D2-0D6A-4D59-BCD2-1866ADD083FB}.Debug|Any CPU.Build.0 = Debug|Any CPU
		{33E727D2-0D6A-4D59-BCD2-1866ADD083FB}.Release|Any CPU.ActiveCfg = Release|Any CPU
		{33E727D2-0D6A-4D59-BCD2-1866ADD083FB}.Release|Any CPU.Build.0 = Release|Any CPU
		{A87D5A94-E4C0-45A4-971A-9DAD08A4CCD4}.Debug|Any CPU.ActiveCfg = Debug|Any CPU
		{A87D5A94-E4C0-45A4-971A-9DAD08A4CCD4}.Debug|Any CPU.Build.0 = Debug|Any CPU
		{A87D5A94-E4C0-45A4-971A-9DAD08A4CCD4}.Release|Any CPU.ActiveCfg = Release|Any CPU
		{A87D5A94-E4C0-45A4-971A-9DAD08A4CCD4}.Release|Any CPU.Build.0 = Release|Any CPU
		{07E45187-57B1-4196-AA36-481A0CFDE02E}.Debug|Any CPU.ActiveCfg = Debug|Any CPU
		{07E45187-57B1-4196-AA36-481A0CFDE02E}.Debug|Any CPU.Build.0 = Debug|Any CPU
		{07E45187-57B1-4196-AA36-481A0CFDE02E}.Release|Any CPU.ActiveCfg = Release|Any CPU
		{07E45187-57B1-4196-AA36-481A0CFDE02E}.Release|Any CPU.Build.0 = Release|Any CPU
		{40FC18CA-191E-4F8F-9F5A-8140EEF56015}.Debug|Any CPU.ActiveCfg = Debug|Any CPU
		{40FC18CA-191E-4F8F-9F5A-8140EEF56015}.Debug|Any CPU.Build.0 = Debug|Any CPU
		{40FC18CA-191E-4F8F-9F5A-8140EEF56015}.Release|Any CPU.ActiveCfg = Release|Any CPU
		{40FC18CA-191E-4F8F-9F5A-8140EEF56015}.Release|Any CPU.Build.0 = Release|Any CPU
		{A5DEBE85-3BFC-434B-8A22-59B9BBDB1BBB}.Debug|Any CPU.ActiveCfg = Debug|Any CPU
		{A5DEBE85-3BFC-434B-8A22-59B9BBDB1BBB}.Debug|Any CPU.Build.0 = Debug|Any CPU
		{A5DEBE85-3BFC-434B-8A22-59B9BBDB1BBB}.Release|Any CPU.ActiveCfg = Release|Any CPU
		{A5DEBE85-3BFC-434B-8A22-59B9BBDB1BBB}.Release|Any CPU.Build.0 = Release|Any CPU
		{13F1CF55-D1E3-4022-8EEB-AD75882CB2D1}.Debug|Any CPU.ActiveCfg = Debug|Any CPU
		{13F1CF55-D1E3-4022-8EEB-AD75882CB2D1}.Debug|Any CPU.Build.0 = Debug|Any CPU
		{13F1CF55-D1E3-4022-8EEB-AD75882CB2D1}.Release|Any CPU.ActiveCfg = Release|Any CPU
		{13F1CF55-D1E3-4022-8EEB-AD75882CB2D1}.Release|Any CPU.Build.0 = Release|Any CPU
		{C28811B2-FD27-40EA-AFF0-98FA4790F407}.Debug|Any CPU.ActiveCfg = Debug|Any CPU
		{C28811B2-FD27-40EA-AFF0-98FA4790F407}.Debug|Any CPU.Build.0 = Debug|Any CPU
		{C28811B2-FD27-40EA-AFF0-98FA4790F407}.Release|Any CPU.ActiveCfg = Release|Any CPU
		{C28811B2-FD27-40EA-AFF0-98FA4790F407}.Release|Any CPU.Build.0 = Release|Any CPU
		{398418FF-63AD-46C5-91A4-35F3D0D8C464}.Debug|Any CPU.ActiveCfg = Debug|Any CPU
		{398418FF-63AD-46C5-91A4-35F3D0D8C464}.Debug|Any CPU.Build.0 = Debug|Any CPU
		{398418FF-63AD-46C5-91A4-35F3D0D8C464}.Release|Any CPU.ActiveCfg = Release|Any CPU
		{398418FF-63AD-46C5-91A4-35F3D0D8C464}.Release|Any CPU.Build.0 = Release|Any CPU
		{E15B8044-3896-48A6-8CA6-3021489FC3BB}.Debug|Any CPU.ActiveCfg = Debug|Any CPU
		{E15B8044-3896-48A6-8CA6-3021489FC3BB}.Debug|Any CPU.Build.0 = Debug|Any CPU
		{E15B8044-3896-48A6-8CA6-3021489FC3BB}.Release|Any CPU.ActiveCfg = Release|Any CPU
		{E15B8044-3896-48A6-8CA6-3021489FC3BB}.Release|Any CPU.Build.0 = Release|Any CPU
		{22383548-879C-4004-9A9B-206BC9351A3D}.Debug|Any CPU.ActiveCfg = Debug|Any CPU
		{22383548-879C-4004-9A9B-206BC9351A3D}.Debug|Any CPU.Build.0 = Debug|Any CPU
		{22383548-879C-4004-9A9B-206BC9351A3D}.Release|Any CPU.ActiveCfg = Release|Any CPU
		{22383548-879C-4004-9A9B-206BC9351A3D}.Release|Any CPU.Build.0 = Release|Any CPU
		{0A329DF2-72DC-479C-AB88-685B82E74323}.Debug|Any CPU.ActiveCfg = Debug|Any CPU
		{0A329DF2-72DC-479C-AB88-685B82E74323}.Debug|Any CPU.Build.0 = Debug|Any CPU
		{0A329DF2-72DC-479C-AB88-685B82E74323}.Release|Any CPU.ActiveCfg = Release|Any CPU
		{0A329DF2-72DC-479C-AB88-685B82E74323}.Release|Any CPU.Build.0 = Release|Any CPU
		{884FD327-90B9-4E13-9301-2640D6B71889}.Debug|Any CPU.ActiveCfg = Debug|Any CPU
		{884FD327-90B9-4E13-9301-2640D6B71889}.Debug|Any CPU.Build.0 = Debug|Any CPU
		{884FD327-90B9-4E13-9301-2640D6B71889}.Release|Any CPU.ActiveCfg = Release|Any CPU
		{884FD327-90B9-4E13-9301-2640D6B71889}.Release|Any CPU.Build.0 = Release|Any CPU
		{05EADDDE-5D4E-4A7C-998E-60EA54A7FA91}.Debug|Any CPU.ActiveCfg = Debug|Any CPU
		{05EADDDE-5D4E-4A7C-998E-60EA54A7FA91}.Debug|Any CPU.Build.0 = Debug|Any CPU
		{05EADDDE-5D4E-4A7C-998E-60EA54A7FA91}.Release|Any CPU.ActiveCfg = Release|Any CPU
		{05EADDDE-5D4E-4A7C-998E-60EA54A7FA91}.Release|Any CPU.Build.0 = Release|Any CPU
		{FD63A242-AC89-4676-8E13-B9570027C24B}.Debug|Any CPU.ActiveCfg = Debug|Any CPU
		{FD63A242-AC89-4676-8E13-B9570027C24B}.Debug|Any CPU.Build.0 = Debug|Any CPU
		{FD63A242-AC89-4676-8E13-B9570027C24B}.Release|Any CPU.ActiveCfg = Release|Any CPU
		{FD63A242-AC89-4676-8E13-B9570027C24B}.Release|Any CPU.Build.0 = Release|Any CPU
		{2D460372-BE3C-4FA3-AD27-3A2B56DCBAB0}.Debug|Any CPU.ActiveCfg = Debug|Any CPU
		{2D460372-BE3C-4FA3-AD27-3A2B56DCBAB0}.Debug|Any CPU.Build.0 = Debug|Any CPU
		{2D460372-BE3C-4FA3-AD27-3A2B56DCBAB0}.Release|Any CPU.ActiveCfg = Release|Any CPU
		{2D460372-BE3C-4FA3-AD27-3A2B56DCBAB0}.Release|Any CPU.Build.0 = Release|Any CPU
		{E2E22700-43B5-4ADB-96CF-47D359863D64}.Debug|Any CPU.ActiveCfg = Debug|Any CPU
		{E2E22700-43B5-4ADB-96CF-47D359863D64}.Debug|Any CPU.Build.0 = Debug|Any CPU
		{E2E22700-43B5-4ADB-96CF-47D359863D64}.Release|Any CPU.ActiveCfg = Release|Any CPU
		{E2E22700-43B5-4ADB-96CF-47D359863D64}.Release|Any CPU.Build.0 = Release|Any CPU
		{3ACF50F2-0AD5-4040-8701-8CD7D54BB599}.Debug|Any CPU.ActiveCfg = Debug|Any CPU
		{3ACF50F2-0AD5-4040-8701-8CD7D54BB599}.Debug|Any CPU.Build.0 = Debug|Any CPU
		{3ACF50F2-0AD5-4040-8701-8CD7D54BB599}.Release|Any CPU.ActiveCfg = Release|Any CPU
		{3ACF50F2-0AD5-4040-8701-8CD7D54BB599}.Release|Any CPU.Build.0 = Release|Any CPU
		{2C7D2C2E-CE98-4768-84BE-6EC79BEBF007}.Debug|Any CPU.ActiveCfg = Debug|Any CPU
		{2C7D2C2E-CE98-4768-84BE-6EC79BEBF007}.Debug|Any CPU.Build.0 = Debug|Any CPU
		{2C7D2C2E-CE98-4768-84BE-6EC79BEBF007}.Release|Any CPU.ActiveCfg = Release|Any CPU
		{2C7D2C2E-CE98-4768-84BE-6EC79BEBF007}.Release|Any CPU.Build.0 = Release|Any CPU
		{4D5A2846-2431-4CA3-B883-7A518AD98469}.Debug|Any CPU.ActiveCfg = Debug|Any CPU
		{4D5A2846-2431-4CA3-B883-7A518AD98469}.Debug|Any CPU.Build.0 = Debug|Any CPU
		{4D5A2846-2431-4CA3-B883-7A518AD98469}.Release|Any CPU.ActiveCfg = Release|Any CPU
		{4D5A2846-2431-4CA3-B883-7A518AD98469}.Release|Any CPU.Build.0 = Release|Any CPU
		{84A6C4C9-26D2-4DC7-A007-A09A8723F3C1}.Debug|Any CPU.ActiveCfg = Debug|Any CPU
		{84A6C4C9-26D2-4DC7-A007-A09A8723F3C1}.Debug|Any CPU.Build.0 = Debug|Any CPU
		{84A6C4C9-26D2-4DC7-A007-A09A8723F3C1}.Release|Any CPU.ActiveCfg = Release|Any CPU
		{84A6C4C9-26D2-4DC7-A007-A09A8723F3C1}.Release|Any CPU.Build.0 = Release|Any CPU
		{4BDF5574-843E-4B02-9F72-912A8255D2A0}.Debug|Any CPU.ActiveCfg = Debug|Any CPU
		{4BDF5574-843E-4B02-9F72-912A8255D2A0}.Debug|Any CPU.Build.0 = Debug|Any CPU
		{4BDF5574-843E-4B02-9F72-912A8255D2A0}.Release|Any CPU.ActiveCfg = Release|Any CPU
		{4BDF5574-843E-4B02-9F72-912A8255D2A0}.Release|Any CPU.Build.0 = Release|Any CPU
		{D5CD3F67-C5EB-4AAA-B2FF-81707FD3BED0}.Debug|Any CPU.ActiveCfg = Debug|Any CPU
		{D5CD3F67-C5EB-4AAA-B2FF-81707FD3BED0}.Debug|Any CPU.Build.0 = Debug|Any CPU
		{D5CD3F67-C5EB-4AAA-B2FF-81707FD3BED0}.Release|Any CPU.ActiveCfg = Release|Any CPU
		{D5CD3F67-C5EB-4AAA-B2FF-81707FD3BED0}.Release|Any CPU.Build.0 = Release|Any CPU
		{83EF31DA-1C11-4CC0-907F-4070AD47A068}.Debug|Any CPU.ActiveCfg = Debug|Any CPU
		{83EF31DA-1C11-4CC0-907F-4070AD47A068}.Debug|Any CPU.Build.0 = Debug|Any CPU
		{83EF31DA-1C11-4CC0-907F-4070AD47A068}.Release|Any CPU.ActiveCfg = Release|Any CPU
		{83EF31DA-1C11-4CC0-907F-4070AD47A068}.Release|Any CPU.Build.0 = Release|Any CPU
		{8643DCF9-4F62-42FD-B698-44317B641983}.Debug|Any CPU.ActiveCfg = Debug|Any CPU
		{8643DCF9-4F62-42FD-B698-44317B641983}.Debug|Any CPU.Build.0 = Debug|Any CPU
		{8643DCF9-4F62-42FD-B698-44317B641983}.Release|Any CPU.ActiveCfg = Release|Any CPU
		{8643DCF9-4F62-42FD-B698-44317B641983}.Release|Any CPU.Build.0 = Release|Any CPU
		{0B75E52E-0FEF-4D1A-BEB5-D0D11DCE75E0}.Debug|Any CPU.ActiveCfg = Debug|Any CPU
		{0B75E52E-0FEF-4D1A-BEB5-D0D11DCE75E0}.Debug|Any CPU.Build.0 = Debug|Any CPU
		{0B75E52E-0FEF-4D1A-BEB5-D0D11DCE75E0}.Release|Any CPU.ActiveCfg = Release|Any CPU
		{0B75E52E-0FEF-4D1A-BEB5-D0D11DCE75E0}.Release|Any CPU.Build.0 = Release|Any CPU
		{A0280128-5435-4D1B-8025-617171C0CA4F}.Debug|Any CPU.ActiveCfg = Debug|Any CPU
		{A0280128-5435-4D1B-8025-617171C0CA4F}.Debug|Any CPU.Build.0 = Debug|Any CPU
		{A0280128-5435-4D1B-8025-617171C0CA4F}.Release|Any CPU.ActiveCfg = Release|Any CPU
		{A0280128-5435-4D1B-8025-617171C0CA4F}.Release|Any CPU.Build.0 = Release|Any CPU
		{75B866A9-7190-41FB-AEAF-823F9D5EBD37}.Debug|Any CPU.ActiveCfg = Debug|Any CPU
		{75B866A9-7190-41FB-AEAF-823F9D5EBD37}.Debug|Any CPU.Build.0 = Debug|Any CPU
		{75B866A9-7190-41FB-AEAF-823F9D5EBD37}.Release|Any CPU.ActiveCfg = Release|Any CPU
		{75B866A9-7190-41FB-AEAF-823F9D5EBD37}.Release|Any CPU.Build.0 = Release|Any CPU
		{66CFCF58-55AB-4A2B-8E61-C0108757A60D}.Debug|Any CPU.ActiveCfg = Debug|Any CPU
		{66CFCF58-55AB-4A2B-8E61-C0108757A60D}.Debug|Any CPU.Build.0 = Debug|Any CPU
		{66CFCF58-55AB-4A2B-8E61-C0108757A60D}.Release|Any CPU.ActiveCfg = Release|Any CPU
		{66CFCF58-55AB-4A2B-8E61-C0108757A60D}.Release|Any CPU.Build.0 = Release|Any CPU
		{DB32046B-3086-48DC-917C-7B9F45293DAB}.Debug|Any CPU.ActiveCfg = Debug|Any CPU
		{DB32046B-3086-48DC-917C-7B9F45293DAB}.Debug|Any CPU.Build.0 = Debug|Any CPU
		{DB32046B-3086-48DC-917C-7B9F45293DAB}.Release|Any CPU.ActiveCfg = Release|Any CPU
		{DB32046B-3086-48DC-917C-7B9F45293DAB}.Release|Any CPU.Build.0 = Release|Any CPU
	EndGlobalSection
	GlobalSection(SolutionProperties) = preSolution
		HideSolutionNode = FALSE
	EndGlobalSection
	GlobalSection(ExtensibilityGlobals) = postSolution
		SolutionGuid = {E64BA8CC-AD32-497A-93BF-290B43B96FFD}
	EndGlobalSection
EndGlobal
